// !$*UTF8*$!
{
	archiveVersion = 1;
	classes = {
	};
	objectVersion = 50;
	objects = {

/* Begin PBXBuildFile section */
		83088A7F236CBBB20092180E /* libLua.dylib in Frameworks */ = {isa = PBXBuildFile; fileRef = 83088A6E236CB19A0092180E /* libLua.dylib */; };
		83088A87236CC0330092180E /* .gitignore in Resources */ = {isa = PBXBuildFile; fileRef = 83088A82236CC0330092180E /* .gitignore */; };
		830D154D23780A4200D5535C /* SCSHTheme+Lua.swift in Sources */ = {isa = PBXBuildFile; fileRef = 830D154C23780A4200D5535C /* SCSHTheme+Lua.swift */; };
		830D15542378182800D5535C /* SCSHTheme.swift in Sources */ = {isa = PBXBuildFile; fileRef = 835923EB235A3A85001506B6 /* SCSHTheme.swift */; };
		830D15552378419F00D5535C /* NSColor+ext.swift in Sources */ = {isa = PBXBuildFile; fileRef = 835923E9235A022C001506B6 /* NSColor+ext.swift */; };
		830D15572379542500D5535C /* example.ini in CopyFiles */ = {isa = PBXBuildFile; fileRef = 830D15562379542500D5535C /* example.ini */; };
		830D1559237961C900D5535C /* WarningUTIViewController.swift in Sources */ = {isa = PBXBuildFile; fileRef = 830D1558237961C900D5535C /* WarningUTIViewController.swift */; };
		830D155D237985F900D5535C /* example.jsx in CopyFiles */ = {isa = PBXBuildFile; fileRef = 830D155C237985F900D5535C /* example.jsx */; };
		830D155F2379869100D5535C /* example.scpt in CopyFiles */ = {isa = PBXBuildFile; fileRef = 830D155E2379865C00D5535C /* example.scpt */; };
		830D1561237986E000D5535C /* example.cs in CopyFiles */ = {isa = PBXBuildFile; fileRef = 830D1560237986E000D5535C /* example.cs */; };
		830D1563237987DF00D5535C /* example.diff in CopyFiles */ = {isa = PBXBuildFile; fileRef = 830D1562237987DE00D5535C /* example.diff */; };
		830D15652379883C00D5535C /* example.go in CopyFiles */ = {isa = PBXBuildFile; fileRef = 830D15642379882800D5535C /* example.go */; };
		830D15672379889000D5535C /* example.java in CopyFiles */ = {isa = PBXBuildFile; fileRef = 830D15662379889000D5535C /* example.java */; };
		830D15692379891700D5535C /* example.lua in CopyFiles */ = {isa = PBXBuildFile; fileRef = 830D15682379891700D5535C /* example.lua */; };
		830D156B23798E4000D5535C /* example.rb in CopyFiles */ = {isa = PBXBuildFile; fileRef = 830D156A23798E4000D5535C /* example.rb */; };
		830D156D23798E6700D5535C /* example.sql in CopyFiles */ = {isa = PBXBuildFile; fileRef = 830D156C23798E6700D5535C /* example.sql */; };
		830D156F23798EF500D5535C /* example.vb in CopyFiles */ = {isa = PBXBuildFile; fileRef = 830D156E23798EF500D5535C /* example.vb */; };
		830D1571237990A900D5535C /* example.swift in CopyFiles */ = {isa = PBXBuildFile; fileRef = 830D15702379909200D5535C /* example.swift */; };
		8311D9AC235DA0E4006DC138 /* example.json in CopyFiles */ = {isa = PBXBuildFile; fileRef = 8311D9AA235D99B8006DC138 /* example.json */; };
		8311D9B0235DA127006DC138 /* example.fsx in CopyFiles */ = {isa = PBXBuildFile; fileRef = 8311D9AE235DA124006DC138 /* example.fsx */; };
		8311D9B3235DB8D7006DC138 /* example.c in CopyFiles */ = {isa = PBXBuildFile; fileRef = 8311D9B1235DB8CA006DC138 /* example.c */; };
		8311D9B6235DB970006DC138 /* example.cpp in CopyFiles */ = {isa = PBXBuildFile; fileRef = 8311D9B4235DB93C006DC138 /* example.cpp */; };
		8311D9B9235DBB44006DC138 /* example.m in CopyFiles */ = {isa = PBXBuildFile; fileRef = 8311D9B8235DBB28006DC138 /* example.m */; };
		8311D9BA235DBB47006DC138 /* example.dart in CopyFiles */ = {isa = PBXBuildFile; fileRef = 8311D9B7235DB9C7006DC138 /* example.dart */; };
		8311D9BC235DBBE2006DC138 /* example.pl in CopyFiles */ = {isa = PBXBuildFile; fileRef = 8311D9BB235DBBC9006DC138 /* example.pl */; };
		8311D9C0235DBDC7006DC138 /* example.yaml in CopyFiles */ = {isa = PBXBuildFile; fileRef = 8311D9BF235DBD51006DC138 /* example.yaml */; };
		8311D9C1235DBDC7006DC138 /* example.ts in CopyFiles */ = {isa = PBXBuildFile; fileRef = 8311D9BE235DBCB3006DC138 /* example.ts */; };
		8311D9C2235DBDC7006DC138 /* example.py in CopyFiles */ = {isa = PBXBuildFile; fileRef = 8311D9BD235DBC32006DC138 /* example.py */; };
		8311D9C5235DBF29006DC138 /* example.plist in CopyFiles */ = {isa = PBXBuildFile; fileRef = 8311D9C3235DBF0E006DC138 /* example.plist */; };
		8311D9C7235DE6D7006DC138 /* Data+Ext.swift in Sources */ = {isa = PBXBuildFile; fileRef = 8311D9C6235DE6D7006DC138 /* Data+Ext.swift */; };
		8311D9C8235DE6D7006DC138 /* Data+Ext.swift in Sources */ = {isa = PBXBuildFile; fileRef = 8311D9C6235DE6D7006DC138 /* Data+Ext.swift */; };
		83592349235599F6001506B6 /* AppDelegate.swift in Sources */ = {isa = PBXBuildFile; fileRef = 83592348235599F6001506B6 /* AppDelegate.swift */; };
		8359234B235599F6001506B6 /* ViewController.swift in Sources */ = {isa = PBXBuildFile; fileRef = 8359234A235599F6001506B6 /* ViewController.swift */; };
		8359234D235599F9001506B6 /* Assets.xcassets in Resources */ = {isa = PBXBuildFile; fileRef = 8359234C235599F9001506B6 /* Assets.xcassets */; };
		83592350235599F9001506B6 /* Main.storyboard in Resources */ = {isa = PBXBuildFile; fileRef = 8359234E235599F9001506B6 /* Main.storyboard */; };
		8359235F23559A2B001506B6 /* Quartz.framework in Frameworks */ = {isa = PBXBuildFile; fileRef = 8359235E23559A2B001506B6 /* Quartz.framework */; };
		8359236223559A2B001506B6 /* PreviewViewController.swift in Sources */ = {isa = PBXBuildFile; fileRef = 8359236123559A2B001506B6 /* PreviewViewController.swift */; };
		8359236523559A2B001506B6 /* PreviewViewController.xib in Resources */ = {isa = PBXBuildFile; fileRef = 8359236323559A2B001506B6 /* PreviewViewController.xib */; };
		8359236A23559A2B001506B6 /* SourceCodeSyntaxHighlightExtension.appex in Embed App Extensions */ = {isa = PBXBuildFile; fileRef = 8359235C23559A2B001506B6 /* SourceCodeSyntaxHighlightExtension.appex */; settings = {ATTRIBUTES = (RemoveHeadersOnCopy, ); }; };
		8359237623563A81001506B6 /* WebKit.framework in Frameworks */ = {isa = PBXBuildFile; fileRef = 8359237523563A81001506B6 /* WebKit.framework */; };
		8359238023563BDF001506B6 /* SCSHXPCServiceDelegate.swift in Sources */ = {isa = PBXBuildFile; fileRef = 8359237F23563BDF001506B6 /* SCSHXPCServiceDelegate.swift */; };
		8359238223563BDF001506B6 /* main.swift in Sources */ = {isa = PBXBuildFile; fileRef = 8359238123563BDF001506B6 /* main.swift */; };
		8359238623563BDF001506B6 /* SourceCodeSyntaxHighlightXPCService.xpc in Embed XPC Services */ = {isa = PBXBuildFile; fileRef = 8359237B23563BDF001506B6 /* SourceCodeSyntaxHighlightXPCService.xpc */; settings = {ATTRIBUTES = (RemoveHeadersOnCopy, ); }; };
		8359238E2356436C001506B6 /* SCSHXPCServiceProtocol.swift in Sources */ = {isa = PBXBuildFile; fileRef = 8359237D23563BDF001506B6 /* SCSHXPCServiceProtocol.swift */; };
		8359238F23564497001506B6 /* SCSHXPCService.swift in Sources */ = {isa = PBXBuildFile; fileRef = 8359237E23563BDF001506B6 /* SCSHXPCService.swift */; };
		8359239523564B56001506B6 /* colorize.sh in Resources */ = {isa = PBXBuildFile; fileRef = 8359236F2355B19F001506B6 /* colorize.sh */; };
		83592398235650C5001506B6 /* SourceCodeSyntaxHighlightXPCService.xpc in Embed XPC Services */ = {isa = PBXBuildFile; fileRef = 8359237B23563BDF001506B6 /* SourceCodeSyntaxHighlightXPCService.xpc */; settings = {ATTRIBUTES = (RemoveHeadersOnCopy, ); }; };
		8359239923565889001506B6 /* WebKit.framework in Frameworks */ = {isa = PBXBuildFile; fileRef = 8359237523563A81001506B6 /* WebKit.framework */; };
		8359239B23565890001506B6 /* Foundation.framework in Frameworks */ = {isa = PBXBuildFile; fileRef = 8359239A23565890001506B6 /* Foundation.framework */; };
		8359239D23570C52001506B6 /* SCSHError.swift in Sources */ = {isa = PBXBuildFile; fileRef = 8359239C23570C52001506B6 /* SCSHError.swift */; };
		8359239E23570C5B001506B6 /* SCSHError.swift in Sources */ = {isa = PBXBuildFile; fileRef = 8359239C23570C52001506B6 /* SCSHError.swift */; };
		8359239F23570C5C001506B6 /* SCSHError.swift in Sources */ = {isa = PBXBuildFile; fileRef = 8359239C23570C52001506B6 /* SCSHError.swift */; };
		835923BF23571FB7001506B6 /* Document.swift in Sources */ = {isa = PBXBuildFile; fileRef = 835923BE23571FB7001506B6 /* Document.swift */; };
		835923D92358597C001506B6 /* example.php in CopyFiles */ = {isa = PBXBuildFile; fileRef = 835923CF2357A524001506B6 /* example.php */; };
		835923E423585E11001506B6 /* example.sh in CopyFiles */ = {isa = PBXBuildFile; fileRef = 835923DA23585DAE001506B6 /* example.sh */; };
		835923E523585E13001506B6 /* example.css in CopyFiles */ = {isa = PBXBuildFile; fileRef = 835923DC23585DC5001506B6 /* example.css */; };
		835923E623585E16001506B6 /* example.js in CopyFiles */ = {isa = PBXBuildFile; fileRef = 835923E023585DE7001506B6 /* example.js */; };
		835923E723585E18001506B6 /* example.xml in CopyFiles */ = {isa = PBXBuildFile; fileRef = 835923E223585DFB001506B6 /* example.xml */; };
		835923E823585E27001506B6 /* example.html in CopyFiles */ = {isa = PBXBuildFile; fileRef = 835923DE23585DD9001506B6 /* example.html */; };
		835923EA235A022C001506B6 /* NSColor+ext.swift in Sources */ = {isa = PBXBuildFile; fileRef = 835923E9235A022C001506B6 /* NSColor+ext.swift */; };
		835923EC235A3A85001506B6 /* SCSHTheme.swift in Sources */ = {isa = PBXBuildFile; fileRef = 835923EB235A3A85001506B6 /* SCSHTheme.swift */; };
		835923EE235A5D33001506B6 /* SCSHSettings.swift in Sources */ = {isa = PBXBuildFile; fileRef = 835923ED235A5D33001506B6 /* SCSHSettings.swift */; };
		835923EF235A5EB9001506B6 /* SCSHSettings.swift in Sources */ = {isa = PBXBuildFile; fileRef = 835923ED235A5D33001506B6 /* SCSHSettings.swift */; };
		835923F0235A5EBA001506B6 /* SCSHSettings.swift in Sources */ = {isa = PBXBuildFile; fileRef = 835923ED235A5D33001506B6 /* SCSHSettings.swift */; };
		835923F1235A6F16001506B6 /* NSColor+ext.swift in Sources */ = {isa = PBXBuildFile; fileRef = 835923E9235A022C001506B6 /* NSColor+ext.swift */; };
		837CFC8B2372EF5E00641AE4 /* VerticallyCenteredTextFieldCell.swift in Sources */ = {isa = PBXBuildFile; fileRef = 837CFC8A2372EF5E00641AE4 /* VerticallyCenteredTextFieldCell.swift */; };
		837CFC9A2374BF9200641AE4 /* example.pas in CopyFiles */ = {isa = PBXBuildFile; fileRef = 837CFC982374B44300641AE4 /* example.pas */; };
		837DFC222375FE1E00920E72 /* PreferencesViewController.swift in Sources */ = {isa = PBXBuildFile; fileRef = 837DFC212375FE1E00920E72 /* PreferencesViewController.swift */; };
		83A0691123672FD100C795D6 /* style.css in Resources */ = {isa = PBXBuildFile; fileRef = 83A0691023672FD100C795D6 /* style.css */; };
		83A06912236730D800C795D6 /* style.css in Resources */ = {isa = PBXBuildFile; fileRef = 83A0691023672FD100C795D6 /* style.css */; };
		83C09FC223638E4F0062BF39 /* outhtml_commandbar.lua in Resources */ = {isa = PBXBuildFile; fileRef = 83C09FC0236367140062BF39 /* outhtml_commandbar.lua */; };
		83C09FDB2365B9360062BF39 /* highlight in Resources */ = {isa = PBXBuildFile; fileRef = 83C09FDA2365B9360062BF39 /* highlight */; };
/* End PBXBuildFile section */

/* Begin PBXContainerItemProxy section */
		83088A69236CB19A0092180E /* PBXContainerItemProxy */ = {
			isa = PBXContainerItemProxy;
			containerPortal = 83088A62236CB19A0092180E /* Lua.xcodeproj */;
			proxyType = 2;
			remoteGlobalIDString = 168D386D1DB9D00A00087970;
			remoteInfo = LuaSource;
		};
		83088A6B236CB19A0092180E /* PBXContainerItemProxy */ = {
			isa = PBXContainerItemProxy;
			containerPortal = 83088A62236CB19A0092180E /* Lua.xcodeproj */;
			proxyType = 2;
			remoteGlobalIDString = 1680CA551DBA0D3600333F1F;
			remoteInfo = Lua;
		};
		83088A6D236CB19A0092180E /* PBXContainerItemProxy */ = {
			isa = PBXContainerItemProxy;
			containerPortal = 83088A62236CB19A0092180E /* Lua.xcodeproj */;
			proxyType = 2;
			remoteGlobalIDString = 944A33011A475A6400BF8675;
			remoteInfo = "Lua macOS";
		};
		83088A6F236CB19A0092180E /* PBXContainerItemProxy */ = {
			isa = PBXContainerItemProxy;
			containerPortal = 83088A62236CB19A0092180E /* Lua.xcodeproj */;
			proxyType = 2;
			remoteGlobalIDString = 94697A8E1AC712CB0047447A;
			remoteInfo = "Lua Tests";
		};
		8359236823559A2B001506B6 /* PBXContainerItemProxy */ = {
			isa = PBXContainerItemProxy;
			containerPortal = 8359233D235599F6001506B6 /* Project object */;
			proxyType = 1;
			remoteGlobalIDString = 8359235B23559A2B001506B6;
			remoteInfo = QLExtension;
		};
		8359238423563BDF001506B6 /* PBXContainerItemProxy */ = {
			isa = PBXContainerItemProxy;
			containerPortal = 8359233D235599F6001506B6 /* Project object */;
			proxyType = 1;
			remoteGlobalIDString = 8359237A23563BDF001506B6;
			remoteInfo = XPCService;
		};
/* End PBXContainerItemProxy section */

/* Begin PBXCopyFilesBuildPhase section */
		8359236E23559A2B001506B6 /* Embed App Extensions */ = {
			isa = PBXCopyFilesBuildPhase;
			buildActionMask = 2147483647;
			dstPath = "";
			dstSubfolderSpec = 13;
			files = (
				8359236A23559A2B001506B6 /* SourceCodeSyntaxHighlightExtension.appex in Embed App Extensions */,
			);
			name = "Embed App Extensions";
			runOnlyForDeploymentPostprocessing = 0;
		};
		8359238A23563BDF001506B6 /* Embed XPC Services */ = {
			isa = PBXCopyFilesBuildPhase;
			buildActionMask = 2147483647;
			dstPath = "$(CONTENTS_FOLDER_PATH)/XPCServices";
			dstSubfolderSpec = 16;
			files = (
				8359238623563BDF001506B6 /* SourceCodeSyntaxHighlightXPCService.xpc in Embed XPC Services */,
			);
			name = "Embed XPC Services";
			runOnlyForDeploymentPostprocessing = 0;
		};
		83592397235650BA001506B6 /* Embed XPC Services */ = {
			isa = PBXCopyFilesBuildPhase;
			buildActionMask = 2147483647;
			dstPath = "$(CONTENTS_FOLDER_PATH)/XPCServices";
			dstSubfolderSpec = 16;
			files = (
				83592398235650C5001506B6 /* SourceCodeSyntaxHighlightXPCService.xpc in Embed XPC Services */,
			);
			name = "Embed XPC Services";
			runOnlyForDeploymentPostprocessing = 0;
		};
		835923D823585979001506B6 /* CopyFiles */ = {
			isa = PBXCopyFilesBuildPhase;
			buildActionMask = 2147483647;
			dstPath = examples;
			dstSubfolderSpec = 7;
			files = (
				830D156F23798EF500D5535C /* example.vb in CopyFiles */,
				830D1571237990A900D5535C /* example.swift in CopyFiles */,
				830D1561237986E000D5535C /* example.cs in CopyFiles */,
				830D156D23798E6700D5535C /* example.sql in CopyFiles */,
				830D156B23798E4000D5535C /* example.rb in CopyFiles */,
				830D15692379891700D5535C /* example.lua in CopyFiles */,
				830D15652379883C00D5535C /* example.go in CopyFiles */,
				830D155F2379869100D5535C /* example.scpt in CopyFiles */,
				830D1563237987DF00D5535C /* example.diff in CopyFiles */,
				835923D92358597C001506B6 /* example.php in CopyFiles */,
				830D15672379889000D5535C /* example.java in CopyFiles */,
				830D155D237985F900D5535C /* example.jsx in CopyFiles */,
				830D15572379542500D5535C /* example.ini in CopyFiles */,
				837CFC9A2374BF9200641AE4 /* example.pas in CopyFiles */,
				835923E423585E11001506B6 /* example.sh in CopyFiles */,
				835923E523585E13001506B6 /* example.css in CopyFiles */,
				835923E823585E27001506B6 /* example.html in CopyFiles */,
				835923E623585E16001506B6 /* example.js in CopyFiles */,
				835923E723585E18001506B6 /* example.xml in CopyFiles */,
				8311D9AC235DA0E4006DC138 /* example.json in CopyFiles */,
				8311D9B0235DA127006DC138 /* example.fsx in CopyFiles */,
				8311D9C0235DBDC7006DC138 /* example.yaml in CopyFiles */,
				8311D9C1235DBDC7006DC138 /* example.ts in CopyFiles */,
				8311D9C2235DBDC7006DC138 /* example.py in CopyFiles */,
				8311D9BC235DBBE2006DC138 /* example.pl in CopyFiles */,
				8311D9BA235DBB47006DC138 /* example.dart in CopyFiles */,
				8311D9B9235DBB44006DC138 /* example.m in CopyFiles */,
				8311D9B6235DB970006DC138 /* example.cpp in CopyFiles */,
				8311D9C5235DBF29006DC138 /* example.plist in CopyFiles */,
				8311D9B3235DB8D7006DC138 /* example.c in CopyFiles */,
			);
			runOnlyForDeploymentPostprocessing = 0;
		};
/* End PBXCopyFilesBuildPhase section */

/* Begin PBXFileReference section */
		83088A62236CB19A0092180E /* Lua.xcodeproj */ = {isa = PBXFileReference; lastKnownFileType = "wrapper.pb-project"; name = Lua.xcodeproj; path = lua4swift/Lua.xcodeproj; sourceTree = "<group>"; };
		83088A82236CC0330092180E /* .gitignore */ = {isa = PBXFileReference; fileEncoding = 4; lastKnownFileType = text; path = .gitignore; sourceTree = "<group>"; };
		830D154C23780A4200D5535C /* SCSHTheme+Lua.swift */ = {isa = PBXFileReference; lastKnownFileType = sourcecode.swift; path = "SCSHTheme+Lua.swift"; sourceTree = "<group>"; };
		830D15562379542500D5535C /* example.ini */ = {isa = PBXFileReference; lastKnownFileType = text; path = example.ini; sourceTree = "<group>"; };
		830D1558237961C900D5535C /* WarningUTIViewController.swift */ = {isa = PBXFileReference; lastKnownFileType = sourcecode.swift; path = WarningUTIViewController.swift; sourceTree = "<group>"; };
		830D155A23797CC100D5535C /* settings_specific.png */ = {isa = PBXFileReference; lastKnownFileType = image.png; path = settings_specific.png; sourceTree = "<group>"; };
		830D155B23797D8000D5535C /* settings_specific_warn.png */ = {isa = PBXFileReference; lastKnownFileType = image.png; path = settings_specific_warn.png; sourceTree = "<group>"; };
		830D155C237985F900D5535C /* example.jsx */ = {isa = PBXFileReference; lastKnownFileType = text; path = example.jsx; sourceTree = "<group>"; };
		830D155E2379865C00D5535C /* example.scpt */ = {isa = PBXFileReference; lastKnownFileType = text; path = example.scpt; sourceTree = "<group>"; };
		830D1560237986E000D5535C /* example.cs */ = {isa = PBXFileReference; lastKnownFileType = text; path = example.cs; sourceTree = "<group>"; };
		830D1562237987DE00D5535C /* example.diff */ = {isa = PBXFileReference; lastKnownFileType = text; path = example.diff; sourceTree = "<group>"; };
		830D15642379882800D5535C /* example.go */ = {isa = PBXFileReference; lastKnownFileType = text; path = example.go; sourceTree = "<group>"; };
		830D15662379889000D5535C /* example.java */ = {isa = PBXFileReference; fileEncoding = 4; lastKnownFileType = sourcecode.java; path = example.java; sourceTree = "<group>"; };
		830D15682379891700D5535C /* example.lua */ = {isa = PBXFileReference; lastKnownFileType = text; path = example.lua; sourceTree = "<group>"; };
		830D156A23798E4000D5535C /* example.rb */ = {isa = PBXFileReference; lastKnownFileType = text.script.ruby; path = example.rb; sourceTree = "<group>"; };
		830D156C23798E6700D5535C /* example.sql */ = {isa = PBXFileReference; lastKnownFileType = text; path = example.sql; sourceTree = "<group>"; };
		830D156E23798EF500D5535C /* example.vb */ = {isa = PBXFileReference; lastKnownFileType = text; path = example.vb; sourceTree = "<group>"; };
		830D15702379909200D5535C /* example.swift */ = {isa = PBXFileReference; lastKnownFileType = sourcecode.swift; path = example.swift; sourceTree = "<group>"; };
		8311D9A3235CDAA1006DC138 /* README.md */ = {isa = PBXFileReference; lastKnownFileType = net.daringfireball.markdown; path = README.md; sourceTree = SOURCE_ROOT; };
		8311D9A6235CE0A8006DC138 /* settings.png */ = {isa = PBXFileReference; lastKnownFileType = image.png; path = settings.png; sourceTree = "<group>"; };
		8311D9A8235CE6D7006DC138 /* extensions.png */ = {isa = PBXFileReference; lastKnownFileType = image.png; path = extensions.png; sourceTree = "<group>"; };
		8311D9AA235D99B8006DC138 /* example.json */ = {isa = PBXFileReference; lastKnownFileType = text.json; path = example.json; sourceTree = "<group>"; };
		8311D9AE235DA124006DC138 /* example.fsx */ = {isa = PBXFileReference; fileEncoding = 4; lastKnownFileType = text; path = example.fsx; sourceTree = "<group>"; };
		8311D9B1235DB8CA006DC138 /* example.c */ = {isa = PBXFileReference; lastKnownFileType = sourcecode.c.c; path = example.c; sourceTree = "<group>"; };
		8311D9B4235DB93C006DC138 /* example.cpp */ = {isa = PBXFileReference; lastKnownFileType = sourcecode.cpp.cpp; path = example.cpp; sourceTree = "<group>"; };
		8311D9B7235DB9C7006DC138 /* example.dart */ = {isa = PBXFileReference; explicitFileType = text; path = example.dart; sourceTree = "<group>"; };
		8311D9B8235DBB28006DC138 /* example.m */ = {isa = PBXFileReference; lastKnownFileType = sourcecode.c.objc; path = example.m; sourceTree = "<group>"; };
		8311D9BB235DBBC9006DC138 /* example.pl */ = {isa = PBXFileReference; lastKnownFileType = text.script.perl; path = example.pl; sourceTree = "<group>"; };
		8311D9BD235DBC32006DC138 /* example.py */ = {isa = PBXFileReference; lastKnownFileType = text.script.python; path = example.py; sourceTree = "<group>"; };
		8311D9BE235DBCB3006DC138 /* example.ts */ = {isa = PBXFileReference; explicitFileType = text; path = example.ts; sourceTree = "<group>"; };
		8311D9BF235DBD51006DC138 /* example.yaml */ = {isa = PBXFileReference; lastKnownFileType = text.yaml; path = example.yaml; sourceTree = "<group>"; };
		8311D9C3235DBF0E006DC138 /* example.plist */ = {isa = PBXFileReference; lastKnownFileType = text.plist; path = example.plist; sourceTree = "<group>"; };
		8311D9C6235DE6D7006DC138 /* Data+Ext.swift */ = {isa = PBXFileReference; lastKnownFileType = sourcecode.swift; path = "Data+Ext.swift"; sourceTree = "<group>"; };
		833C295C236028B000B14757 /* LICENSE.txt */ = {isa = PBXFileReference; lastKnownFileType = text; path = LICENSE.txt; sourceTree = "<group>"; };
		83592345235599F6001506B6 /* SourceCodeSyntaxHighlight.app */ = {isa = PBXFileReference; explicitFileType = wrapper.application; includeInIndex = 0; path = SourceCodeSyntaxHighlight.app; sourceTree = BUILT_PRODUCTS_DIR; };
		83592348235599F6001506B6 /* AppDelegate.swift */ = {isa = PBXFileReference; lastKnownFileType = sourcecode.swift; path = AppDelegate.swift; sourceTree = "<group>"; };
		8359234A235599F6001506B6 /* ViewController.swift */ = {isa = PBXFileReference; lastKnownFileType = sourcecode.swift; path = ViewController.swift; sourceTree = "<group>"; };
		8359234C235599F9001506B6 /* Assets.xcassets */ = {isa = PBXFileReference; lastKnownFileType = folder.assetcatalog; path = Assets.xcassets; sourceTree = "<group>"; };
		8359234F235599F9001506B6 /* Base */ = {isa = PBXFileReference; lastKnownFileType = file.storyboard; name = Base; path = Base.lproj/Main.storyboard; sourceTree = "<group>"; };
		83592351235599F9001506B6 /* Info.plist */ = {isa = PBXFileReference; lastKnownFileType = text.plist.xml; path = Info.plist; sourceTree = "<group>"; };
		83592352235599F9001506B6 /* SCSHApp.entitlements */ = {isa = PBXFileReference; lastKnownFileType = text.plist.entitlements; path = SCSHApp.entitlements; sourceTree = "<group>"; };
		8359235C23559A2B001506B6 /* SourceCodeSyntaxHighlightExtension.appex */ = {isa = PBXFileReference; explicitFileType = "wrapper.app-extension"; includeInIndex = 0; path = SourceCodeSyntaxHighlightExtension.appex; sourceTree = BUILT_PRODUCTS_DIR; };
		8359235E23559A2B001506B6 /* Quartz.framework */ = {isa = PBXFileReference; lastKnownFileType = wrapper.framework; name = Quartz.framework; path = System/Library/Frameworks/Quartz.framework; sourceTree = SDKROOT; };
		8359236123559A2B001506B6 /* PreviewViewController.swift */ = {isa = PBXFileReference; lastKnownFileType = sourcecode.swift; path = PreviewViewController.swift; sourceTree = "<group>"; };
		8359236423559A2B001506B6 /* Base */ = {isa = PBXFileReference; lastKnownFileType = file.xib; name = Base; path = Base.lproj/PreviewViewController.xib; sourceTree = "<group>"; };
		8359236623559A2B001506B6 /* Info.plist */ = {isa = PBXFileReference; lastKnownFileType = text.plist.xml; path = Info.plist; sourceTree = "<group>"; };
		8359236723559A2B001506B6 /* QLExtension.entitlements */ = {isa = PBXFileReference; lastKnownFileType = text.plist.entitlements; path = QLExtension.entitlements; sourceTree = "<group>"; };
		8359236F2355B19F001506B6 /* colorize.sh */ = {isa = PBXFileReference; lastKnownFileType = text.script.sh; path = colorize.sh; sourceTree = "<group>"; };
		8359237523563A81001506B6 /* WebKit.framework */ = {isa = PBXFileReference; lastKnownFileType = wrapper.framework; name = WebKit.framework; path = System/Library/Frameworks/WebKit.framework; sourceTree = SDKROOT; };
		8359237B23563BDF001506B6 /* SourceCodeSyntaxHighlightXPCService.xpc */ = {isa = PBXFileReference; explicitFileType = "wrapper.xpc-service"; includeInIndex = 0; path = SourceCodeSyntaxHighlightXPCService.xpc; sourceTree = BUILT_PRODUCTS_DIR; };
		8359237D23563BDF001506B6 /* SCSHXPCServiceProtocol.swift */ = {isa = PBXFileReference; explicitFileType = sourcecode.swift; path = SCSHXPCServiceProtocol.swift; sourceTree = "<group>"; };
		8359237E23563BDF001506B6 /* SCSHXPCService.swift */ = {isa = PBXFileReference; lastKnownFileType = sourcecode.swift; path = SCSHXPCService.swift; sourceTree = "<group>"; };
		8359237F23563BDF001506B6 /* SCSHXPCServiceDelegate.swift */ = {isa = PBXFileReference; lastKnownFileType = sourcecode.swift; path = SCSHXPCServiceDelegate.swift; sourceTree = "<group>"; };
		8359238123563BDF001506B6 /* main.swift */ = {isa = PBXFileReference; lastKnownFileType = sourcecode.swift; path = main.swift; sourceTree = "<group>"; };
		8359238323563BDF001506B6 /* Info.plist */ = {isa = PBXFileReference; lastKnownFileType = text.plist.xml; path = Info.plist; sourceTree = "<group>"; };
		8359238B23563C1E001506B6 /* XPCServiceRelease.entitlements */ = {isa = PBXFileReference; lastKnownFileType = text.plist.entitlements; path = XPCServiceRelease.entitlements; sourceTree = "<group>"; };
		8359239A23565890001506B6 /* Foundation.framework */ = {isa = PBXFileReference; lastKnownFileType = wrapper.framework; name = Foundation.framework; path = System/Library/Frameworks/Foundation.framework; sourceTree = SDKROOT; };
		8359239C23570C52001506B6 /* SCSHError.swift */ = {isa = PBXFileReference; lastKnownFileType = sourcecode.swift; path = SCSHError.swift; sourceTree = "<group>"; };
		835923BE23571FB7001506B6 /* Document.swift */ = {isa = PBXFileReference; lastKnownFileType = sourcecode.swift; path = Document.swift; sourceTree = "<group>"; };
		835923CF2357A524001506B6 /* example.php */ = {isa = PBXFileReference; lastKnownFileType = text.script.php; path = example.php; sourceTree = "<group>"; };
		835923DA23585DAE001506B6 /* example.sh */ = {isa = PBXFileReference; lastKnownFileType = text.script.sh; path = example.sh; sourceTree = "<group>"; };
		835923DC23585DC5001506B6 /* example.css */ = {isa = PBXFileReference; lastKnownFileType = text.css; path = example.css; sourceTree = "<group>"; };
		835923DE23585DD9001506B6 /* example.html */ = {isa = PBXFileReference; lastKnownFileType = text.html; path = example.html; sourceTree = "<group>"; };
		835923E023585DE7001506B6 /* example.js */ = {isa = PBXFileReference; lastKnownFileType = sourcecode.javascript; path = example.js; sourceTree = "<group>"; };
		835923E223585DFB001506B6 /* example.xml */ = {isa = PBXFileReference; lastKnownFileType = text.xml; path = example.xml; sourceTree = "<group>"; };
		835923E9235A022C001506B6 /* NSColor+ext.swift */ = {isa = PBXFileReference; lastKnownFileType = sourcecode.swift; path = "NSColor+ext.swift"; sourceTree = "<group>"; };
		835923EB235A3A85001506B6 /* SCSHTheme.swift */ = {isa = PBXFileReference; lastKnownFileType = sourcecode.swift; path = SCSHTheme.swift; sourceTree = "<group>"; };
		835923ED235A5D33001506B6 /* SCSHSettings.swift */ = {isa = PBXFileReference; lastKnownFileType = sourcecode.swift; path = SCSHSettings.swift; sourceTree = "<group>"; };
		837CFC8A2372EF5E00641AE4 /* VerticallyCenteredTextFieldCell.swift */ = {isa = PBXFileReference; lastKnownFileType = sourcecode.swift; path = VerticallyCenteredTextFieldCell.swift; sourceTree = "<group>"; };
		837CFC982374B44300641AE4 /* example.pas */ = {isa = PBXFileReference; lastKnownFileType = sourcecode.pascal; path = example.pas; sourceTree = "<group>"; usesTabs = 1; };
		837DFC212375FE1E00920E72 /* PreferencesViewController.swift */ = {isa = PBXFileReference; lastKnownFileType = sourcecode.swift; path = PreferencesViewController.swift; sourceTree = "<group>"; };
		83A0691023672FD100C795D6 /* style.css */ = {isa = PBXFileReference; lastKnownFileType = text.css; path = style.css; sourceTree = "<group>"; };
		83C09FC0236367140062BF39 /* outhtml_commandbar.lua */ = {isa = PBXFileReference; fileEncoding = 4; lastKnownFileType = text; path = outhtml_commandbar.lua; sourceTree = "<group>"; };
		83C09FDA2365B9360062BF39 /* highlight */ = {isa = PBXFileReference; lastKnownFileType = folder; path = highlight; sourceTree = "<group>"; };
/* End PBXFileReference section */

/* Begin PBXFrameworksBuildPhase section */
		83592342235599F6001506B6 /* Frameworks */ = {
			isa = PBXFrameworksBuildPhase;
			buildActionMask = 2147483647;
			files = (
				8359239B23565890001506B6 /* Foundation.framework in Frameworks */,
				8359239923565889001506B6 /* WebKit.framework in Frameworks */,
			);
			runOnlyForDeploymentPostprocessing = 0;
		};
		8359235923559A2B001506B6 /* Frameworks */ = {
			isa = PBXFrameworksBuildPhase;
			buildActionMask = 2147483647;
			files = (
				8359237623563A81001506B6 /* WebKit.framework in Frameworks */,
				8359235F23559A2B001506B6 /* Quartz.framework in Frameworks */,
			);
			runOnlyForDeploymentPostprocessing = 0;
		};
		8359237823563BDF001506B6 /* Frameworks */ = {
			isa = PBXFrameworksBuildPhase;
			buildActionMask = 2147483647;
			files = (
				83088A7F236CBBB20092180E /* libLua.dylib in Frameworks */,
			);
			runOnlyForDeploymentPostprocessing = 0;
		};
/* End PBXFrameworksBuildPhase section */

/* Begin PBXGroup section */
		83088A63236CB19A0092180E /* Products */ = {
			isa = PBXGroup;
			children = (
				83088A6A236CB19A0092180E /* LuaSource.framework */,
				83088A6C236CB19A0092180E /* Lua.framework */,
				83088A6E236CB19A0092180E /* libLua.dylib */,
				83088A70236CB19A0092180E /* Lua Tests.xctest */,
			);
			name = Products;
			sourceTree = "<group>";
		};
		8359233C235599F6001506B6 = {
			isa = PBXGroup;
			children = (
				83088A62236CB19A0092180E /* Lua.xcodeproj */,
				8311D9A3235CDAA1006DC138 /* README.md */,
				833C295C236028B000B14757 /* LICENSE.txt */,
				8311D9A6235CE0A8006DC138 /* settings.png */,
				830D155A23797CC100D5535C /* settings_specific.png */,
				830D155B23797D8000D5535C /* settings_specific_warn.png */,
				8311D9A8235CE6D7006DC138 /* extensions.png */,
				83088A82236CC0330092180E /* .gitignore */,
				83592347235599F6001506B6 /* Application */,
				8359236023559A2B001506B6 /* QLExtension */,
				8359237C23563BDF001506B6 /* XPCService */,
				8359235D23559A2B001506B6 /* Frameworks */,
				83592346235599F6001506B6 /* Products */,
			);
			sourceTree = "<group>";
		};
		83592346235599F6001506B6 /* Products */ = {
			isa = PBXGroup;
			children = (
				83592345235599F6001506B6 /* SourceCodeSyntaxHighlight.app */,
				8359235C23559A2B001506B6 /* SourceCodeSyntaxHighlightExtension.appex */,
				8359237B23563BDF001506B6 /* SourceCodeSyntaxHighlightXPCService.xpc */,
			);
			name = Products;
			sourceTree = "<group>";
		};
		83592347235599F6001506B6 /* Application */ = {
			isa = PBXGroup;
			children = (
				83592351235599F9001506B6 /* Info.plist */,
				83592352235599F9001506B6 /* SCSHApp.entitlements */,
				83592348235599F6001506B6 /* AppDelegate.swift */,
				8359234A235599F6001506B6 /* ViewController.swift */,
				837CFC962373FB7700641AE4 /* Preferences */,
				835923BE23571FB7001506B6 /* Document.swift */,
				8359234C235599F9001506B6 /* Assets.xcassets */,
				8359234E235599F9001506B6 /* Main.storyboard */,
				8311D9C6235DE6D7006DC138 /* Data+Ext.swift */,
				835923E9235A022C001506B6 /* NSColor+ext.swift */,
				837CFC8A2372EF5E00641AE4 /* VerticallyCenteredTextFieldCell.swift */,
				835923CE2357A4F6001506B6 /* examples */,
			);
			path = Application;
			sourceTree = "<group>";
		};
		8359235D23559A2B001506B6 /* Frameworks */ = {
			isa = PBXGroup;
			children = (
				8359239A23565890001506B6 /* Foundation.framework */,
				8359237523563A81001506B6 /* WebKit.framework */,
				8359235E23559A2B001506B6 /* Quartz.framework */,
			);
			name = Frameworks;
			sourceTree = "<group>";
		};
		8359236023559A2B001506B6 /* QLExtension */ = {
			isa = PBXGroup;
			children = (
				8359236623559A2B001506B6 /* Info.plist */,
				8359236323559A2B001506B6 /* PreviewViewController.xib */,
				8359236123559A2B001506B6 /* PreviewViewController.swift */,
				8359236723559A2B001506B6 /* QLExtension.entitlements */,
			);
			path = QLExtension;
			sourceTree = "<group>";
		};
		8359237C23563BDF001506B6 /* XPCService */ = {
			isa = PBXGroup;
			children = (
				8359238323563BDF001506B6 /* Info.plist */,
				8359238B23563C1E001506B6 /* XPCServiceRelease.entitlements */,
				835923EB235A3A85001506B6 /* SCSHTheme.swift */,
				830D154C23780A4200D5535C /* SCSHTheme+Lua.swift */,
				8359239C23570C52001506B6 /* SCSHError.swift */,
				835923ED235A5D33001506B6 /* SCSHSettings.swift */,
				8359237E23563BDF001506B6 /* SCSHXPCService.swift */,
				8359237D23563BDF001506B6 /* SCSHXPCServiceProtocol.swift */,
				8359237F23563BDF001506B6 /* SCSHXPCServiceDelegate.swift */,
				8359238123563BDF001506B6 /* main.swift */,
				83729D19236180B3002F400C /* resources */,
			);
			path = XPCService;
			sourceTree = "<group>";
		};
		835923CE2357A4F6001506B6 /* examples */ = {
			isa = PBXGroup;
			children = (
				835923CF2357A524001506B6 /* example.php */,
				830D1562237987DE00D5535C /* example.diff */,
				830D15642379882800D5535C /* example.go */,
				830D155C237985F900D5535C /* example.jsx */,
				830D155E2379865C00D5535C /* example.scpt */,
				830D156C23798E6700D5535C /* example.sql */,
				830D15682379891700D5535C /* example.lua */,
				830D1560237986E000D5535C /* example.cs */,
				835923DA23585DAE001506B6 /* example.sh */,
				835923DC23585DC5001506B6 /* example.css */,
				835923DE23585DD9001506B6 /* example.html */,
				835923E023585DE7001506B6 /* example.js */,
				837CFC982374B44300641AE4 /* example.pas */,
				835923E223585DFB001506B6 /* example.xml */,
				830D15702379909200D5535C /* example.swift */,
				830D15662379889000D5535C /* example.java */,
				8311D9AA235D99B8006DC138 /* example.json */,
				8311D9AE235DA124006DC138 /* example.fsx */,
				8311D9BF235DBD51006DC138 /* example.yaml */,
				8311D9BE235DBCB3006DC138 /* example.ts */,
				830D156E23798EF500D5535C /* example.vb */,
				8311D9BD235DBC32006DC138 /* example.py */,
				830D156A23798E4000D5535C /* example.rb */,
				8311D9BB235DBBC9006DC138 /* example.pl */,
				8311D9B7235DB9C7006DC138 /* example.dart */,
				8311D9B8235DBB28006DC138 /* example.m */,
				8311D9B4235DB93C006DC138 /* example.cpp */,
				8311D9C3235DBF0E006DC138 /* example.plist */,
				8311D9B1235DB8CA006DC138 /* example.c */,
				830D15562379542500D5535C /* example.ini */,
			);
			path = examples;
			sourceTree = "<group>";
		};
		83729D19236180B3002F400C /* resources */ = {
			isa = PBXGroup;
			children = (
				83C09FC0236367140062BF39 /* outhtml_commandbar.lua */,
				83C09FDA2365B9360062BF39 /* highlight */,
				8359236F2355B19F001506B6 /* colorize.sh */,
				83A0691023672FD100C795D6 /* style.css */,
			);
			name = resources;
			sourceTree = "<group>";
		};
		837CFC962373FB7700641AE4 /* Preferences */ = {
			isa = PBXGroup;
			children = (
				837DFC212375FE1E00920E72 /* PreferencesViewController.swift */,
				830D1558237961C900D5535C /* WarningUTIViewController.swift */,
			);
			name = Preferences;
			sourceTree = "<group>";
		};
/* End PBXGroup section */

/* Begin PBXNativeTarget section */
		83592344235599F6001506B6 /* SourceCodeSyntaxHighlight */ = {
			isa = PBXNativeTarget;
			buildConfigurationList = 83592355235599F9001506B6 /* Build configuration list for PBXNativeTarget "SourceCodeSyntaxHighlight" */;
			buildPhases = (
				83592341235599F6001506B6 /* Sources */,
				83592342235599F6001506B6 /* Frameworks */,
				83592343235599F6001506B6 /* Resources */,
				8359236E23559A2B001506B6 /* Embed App Extensions */,
				8359238A23563BDF001506B6 /* Embed XPC Services */,
				835923D823585979001506B6 /* CopyFiles */,
			);
			buildRules = (
			);
			dependencies = (
				8359236923559A2B001506B6 /* PBXTargetDependency */,
				8359238523563BDF001506B6 /* PBXTargetDependency */,
			);
			name = SourceCodeSyntaxHighlight;
			productName = QLExt;
			productReference = 83592345235599F6001506B6 /* SourceCodeSyntaxHighlight.app */;
			productType = "com.apple.product-type.application";
		};
		8359235B23559A2B001506B6 /* SourceCodeSyntaxHighlightExtension */ = {
			isa = PBXNativeTarget;
			buildConfigurationList = 8359236B23559A2B001506B6 /* Build configuration list for PBXNativeTarget "SourceCodeSyntaxHighlightExtension" */;
			buildPhases = (
				8359235823559A2B001506B6 /* Sources */,
				8359235923559A2B001506B6 /* Frameworks */,
				8359235A23559A2B001506B6 /* Resources */,
				83592397235650BA001506B6 /* Embed XPC Services */,
			);
			buildRules = (
			);
			dependencies = (
			);
			name = SourceCodeSyntaxHighlightExtension;
			productName = QLExtension;
			productReference = 8359235C23559A2B001506B6 /* SourceCodeSyntaxHighlightExtension.appex */;
			productType = "com.apple.product-type.app-extension";
		};
		8359237A23563BDF001506B6 /* SourceCodeSyntaxHighlightXPCService */ = {
			isa = PBXNativeTarget;
			buildConfigurationList = 8359238723563BDF001506B6 /* Build configuration list for PBXNativeTarget "SourceCodeSyntaxHighlightXPCService" */;
			buildPhases = (
				8359237723563BDF001506B6 /* Sources */,
				8359237823563BDF001506B6 /* Frameworks */,
				8359237923563BDF001506B6 /* Resources */,
			);
			buildRules = (
			);
			dependencies = (
			);
			name = SourceCodeSyntaxHighlightXPCService;
			productName = XPCService;
			productReference = 8359237B23563BDF001506B6 /* SourceCodeSyntaxHighlightXPCService.xpc */;
			productType = "com.apple.product-type.xpc-service";
		};
/* End PBXNativeTarget section */

/* Begin PBXProject section */
		8359233D235599F6001506B6 /* Project object */ = {
			isa = PBXProject;
			attributes = {
				LastSwiftUpdateCheck = 1100;
				LastUpgradeCheck = 1100;
				ORGANIZATIONNAME = sbarex;
				TargetAttributes = {
					83592344235599F6001506B6 = {
						CreatedOnToolsVersion = 11.0;
					};
					8359235B23559A2B001506B6 = {
						CreatedOnToolsVersion = 11.0;
					};
					8359237A23563BDF001506B6 = {
						CreatedOnToolsVersion = 11.0;
					};
				};
			};
			buildConfigurationList = 83592340235599F6001506B6 /* Build configuration list for PBXProject "SourceCodeSyntaxHighlight" */;
			compatibilityVersion = "Xcode 9.3";
			developmentRegion = en;
			hasScannedForEncodings = 0;
			knownRegions = (
				en,
				Base,
			);
			mainGroup = 8359233C235599F6001506B6;
			productRefGroup = 83592346235599F6001506B6 /* Products */;
			projectDirPath = "";
			projectReferences = (
				{
					ProductGroup = 83088A63236CB19A0092180E /* Products */;
					ProjectRef = 83088A62236CB19A0092180E /* Lua.xcodeproj */;
				},
			);
			projectRoot = "";
			targets = (
				83592344235599F6001506B6 /* SourceCodeSyntaxHighlight */,
				8359235B23559A2B001506B6 /* SourceCodeSyntaxHighlightExtension */,
				8359237A23563BDF001506B6 /* SourceCodeSyntaxHighlightXPCService */,
			);
		};
/* End PBXProject section */

/* Begin PBXReferenceProxy section */
		83088A6A236CB19A0092180E /* LuaSource.framework */ = {
			isa = PBXReferenceProxy;
			fileType = wrapper.framework;
			path = LuaSource.framework;
			remoteRef = 83088A69236CB19A0092180E /* PBXContainerItemProxy */;
			sourceTree = BUILT_PRODUCTS_DIR;
		};
		83088A6C236CB19A0092180E /* Lua.framework */ = {
			isa = PBXReferenceProxy;
			fileType = wrapper.framework;
			path = Lua.framework;
			remoteRef = 83088A6B236CB19A0092180E /* PBXContainerItemProxy */;
			sourceTree = BUILT_PRODUCTS_DIR;
		};
		83088A6E236CB19A0092180E /* libLua.dylib */ = {
			isa = PBXReferenceProxy;
			fileType = "compiled.mach-o.dylib";
			path = libLua.dylib;
			remoteRef = 83088A6D236CB19A0092180E /* PBXContainerItemProxy */;
			sourceTree = BUILT_PRODUCTS_DIR;
		};
		83088A70236CB19A0092180E /* Lua Tests.xctest */ = {
			isa = PBXReferenceProxy;
			fileType = wrapper.cfbundle;
			path = "Lua Tests.xctest";
			remoteRef = 83088A6F236CB19A0092180E /* PBXContainerItemProxy */;
			sourceTree = BUILT_PRODUCTS_DIR;
		};
/* End PBXReferenceProxy section */

/* Begin PBXResourcesBuildPhase section */
		83592343235599F6001506B6 /* Resources */ = {
			isa = PBXResourcesBuildPhase;
			buildActionMask = 2147483647;
			files = (
				83088A87236CC0330092180E /* .gitignore in Resources */,
				8359234D235599F9001506B6 /* Assets.xcassets in Resources */,
				83A0691123672FD100C795D6 /* style.css in Resources */,
				83592350235599F9001506B6 /* Main.storyboard in Resources */,
			);
			runOnlyForDeploymentPostprocessing = 0;
		};
		8359235A23559A2B001506B6 /* Resources */ = {
			isa = PBXResourcesBuildPhase;
			buildActionMask = 2147483647;
			files = (
				8359236523559A2B001506B6 /* PreviewViewController.xib in Resources */,
			);
			runOnlyForDeploymentPostprocessing = 0;
		};
		8359237923563BDF001506B6 /* Resources */ = {
			isa = PBXResourcesBuildPhase;
			buildActionMask = 2147483647;
			files = (
				8359239523564B56001506B6 /* colorize.sh in Resources */,
				83C09FC223638E4F0062BF39 /* outhtml_commandbar.lua in Resources */,
				83A06912236730D800C795D6 /* style.css in Resources */,
				83C09FDB2365B9360062BF39 /* highlight in Resources */,
			);
			runOnlyForDeploymentPostprocessing = 0;
		};
/* End PBXResourcesBuildPhase section */

/* Begin PBXSourcesBuildPhase section */
		83592341235599F6001506B6 /* Sources */ = {
			isa = PBXSourcesBuildPhase;
			buildActionMask = 2147483647;
			files = (
				835923BF23571FB7001506B6 /* Document.swift in Sources */,
				837CFC8B2372EF5E00641AE4 /* VerticallyCenteredTextFieldCell.swift in Sources */,
				837DFC222375FE1E00920E72 /* PreferencesViewController.swift in Sources */,
				830D15542378182800D5535C /* SCSHTheme.swift in Sources */,
				8359234B235599F6001506B6 /* ViewController.swift in Sources */,
				83592349235599F6001506B6 /* AppDelegate.swift in Sources */,
				8359239F23570C5C001506B6 /* SCSHError.swift in Sources */,
				830D1559237961C900D5535C /* WarningUTIViewController.swift in Sources */,
				835923F0235A5EBA001506B6 /* SCSHSettings.swift in Sources */,
				835923EA235A022C001506B6 /* NSColor+ext.swift in Sources */,
				8311D9C7235DE6D7006DC138 /* Data+Ext.swift in Sources */,
			);
			runOnlyForDeploymentPostprocessing = 0;
		};
		8359235823559A2B001506B6 /* Sources */ = {
			isa = PBXSourcesBuildPhase;
			buildActionMask = 2147483647;
			files = (
				835923F1235A6F16001506B6 /* NSColor+ext.swift in Sources */,
				8311D9C8235DE6D7006DC138 /* Data+Ext.swift in Sources */,
				8359236223559A2B001506B6 /* PreviewViewController.swift in Sources */,
				835923EF235A5EB9001506B6 /* SCSHSettings.swift in Sources */,
				8359239E23570C5B001506B6 /* SCSHError.swift in Sources */,
			);
			runOnlyForDeploymentPostprocessing = 0;
		};
		8359237723563BDF001506B6 /* Sources */ = {
			isa = PBXSourcesBuildPhase;
			buildActionMask = 2147483647;
			files = (
				8359238223563BDF001506B6 /* main.swift in Sources */,
				8359239D23570C52001506B6 /* SCSHError.swift in Sources */,
				8359238E2356436C001506B6 /* SCSHXPCServiceProtocol.swift in Sources */,
				8359238023563BDF001506B6 /* SCSHXPCServiceDelegate.swift in Sources */,
				835923EE235A5D33001506B6 /* SCSHSettings.swift in Sources */,
				8359238F23564497001506B6 /* SCSHXPCService.swift in Sources */,
				830D15552378419F00D5535C /* NSColor+ext.swift in Sources */,
				835923EC235A3A85001506B6 /* SCSHTheme.swift in Sources */,
				830D154D23780A4200D5535C /* SCSHTheme+Lua.swift in Sources */,
			);
			runOnlyForDeploymentPostprocessing = 0;
		};
/* End PBXSourcesBuildPhase section */

/* Begin PBXTargetDependency section */
		8359236923559A2B001506B6 /* PBXTargetDependency */ = {
			isa = PBXTargetDependency;
			target = 8359235B23559A2B001506B6 /* SourceCodeSyntaxHighlightExtension */;
			targetProxy = 8359236823559A2B001506B6 /* PBXContainerItemProxy */;
		};
		8359238523563BDF001506B6 /* PBXTargetDependency */ = {
			isa = PBXTargetDependency;
			target = 8359237A23563BDF001506B6 /* SourceCodeSyntaxHighlightXPCService */;
			targetProxy = 8359238423563BDF001506B6 /* PBXContainerItemProxy */;
		};
/* End PBXTargetDependency section */

/* Begin PBXVariantGroup section */
		8359234E235599F9001506B6 /* Main.storyboard */ = {
			isa = PBXVariantGroup;
			children = (
				8359234F235599F9001506B6 /* Base */,
			);
			name = Main.storyboard;
			sourceTree = "<group>";
		};
		8359236323559A2B001506B6 /* PreviewViewController.xib */ = {
			isa = PBXVariantGroup;
			children = (
				8359236423559A2B001506B6 /* Base */,
			);
			name = PreviewViewController.xib;
			sourceTree = "<group>";
		};
/* End PBXVariantGroup section */

/* Begin XCBuildConfiguration section */
		83592353235599F9001506B6 /* Debug */ = {
			isa = XCBuildConfiguration;
			buildSettings = {
				ALWAYS_SEARCH_USER_PATHS = NO;
				CLANG_ANALYZER_NONNULL = YES;
				CLANG_ANALYZER_NUMBER_OBJECT_CONVERSION = YES_AGGRESSIVE;
				CLANG_CXX_LANGUAGE_STANDARD = "gnu++14";
				CLANG_CXX_LIBRARY = "libc++";
				CLANG_ENABLE_MODULES = YES;
				CLANG_ENABLE_OBJC_ARC = YES;
				CLANG_ENABLE_OBJC_WEAK = YES;
				CLANG_WARN_BLOCK_CAPTURE_AUTORELEASING = YES;
				CLANG_WARN_BOOL_CONVERSION = YES;
				CLANG_WARN_COMMA = YES;
				CLANG_WARN_CONSTANT_CONVERSION = YES;
				CLANG_WARN_DEPRECATED_OBJC_IMPLEMENTATIONS = YES;
				CLANG_WARN_DIRECT_OBJC_ISA_USAGE = YES_ERROR;
				CLANG_WARN_DOCUMENTATION_COMMENTS = YES;
				CLANG_WARN_EMPTY_BODY = YES;
				CLANG_WARN_ENUM_CONVERSION = YES;
				CLANG_WARN_INFINITE_RECURSION = YES;
				CLANG_WARN_INT_CONVERSION = YES;
				CLANG_WARN_NON_LITERAL_NULL_CONVERSION = YES;
				CLANG_WARN_OBJC_IMPLICIT_RETAIN_SELF = YES;
				CLANG_WARN_OBJC_LITERAL_CONVERSION = YES;
				CLANG_WARN_OBJC_ROOT_CLASS = YES_ERROR;
				CLANG_WARN_RANGE_LOOP_ANALYSIS = YES;
				CLANG_WARN_STRICT_PROTOTYPES = YES;
				CLANG_WARN_SUSPICIOUS_MOVE = YES;
				CLANG_WARN_UNGUARDED_AVAILABILITY = YES_AGGRESSIVE;
				CLANG_WARN_UNREACHABLE_CODE = YES;
				CLANG_WARN__DUPLICATE_METHOD_MATCH = YES;
				COPY_PHASE_STRIP = NO;
				DEBUG_INFORMATION_FORMAT = dwarf;
				ENABLE_STRICT_OBJC_MSGSEND = YES;
				ENABLE_TESTABILITY = YES;
				GCC_C_LANGUAGE_STANDARD = gnu11;
				GCC_DYNAMIC_NO_PIC = NO;
				GCC_NO_COMMON_BLOCKS = YES;
				GCC_OPTIMIZATION_LEVEL = 0;
				GCC_PREPROCESSOR_DEFINITIONS = (
					"DEBUG=1",
					"$(inherited)",
				);
				GCC_WARN_64_TO_32_BIT_CONVERSION = YES;
				GCC_WARN_ABOUT_RETURN_TYPE = YES_ERROR;
				GCC_WARN_UNDECLARED_SELECTOR = YES;
				GCC_WARN_UNINITIALIZED_AUTOS = YES_AGGRESSIVE;
				GCC_WARN_UNUSED_FUNCTION = YES;
				GCC_WARN_UNUSED_VARIABLE = YES;
				INSTALL_OWNER = sbarex;
				MACOSX_DEPLOYMENT_TARGET = 10.14;
				MTL_ENABLE_DEBUG_INFO = INCLUDE_SOURCE;
				MTL_FAST_MATH = YES;
				ONLY_ACTIVE_ARCH = YES;
				SDKROOT = macosx;
				SWIFT_ACTIVE_COMPILATION_CONDITIONS = DEBUG;
				SWIFT_OPTIMIZATION_LEVEL = "-Onone";
				SWIFT_VERSION = 5.0;
				VALID_ARCHS = x86_64;
			};
			name = Debug;
		};
		83592354235599F9001506B6 /* Release */ = {
			isa = XCBuildConfiguration;
			buildSettings = {
				ALWAYS_SEARCH_USER_PATHS = NO;
				CLANG_ANALYZER_NONNULL = YES;
				CLANG_ANALYZER_NUMBER_OBJECT_CONVERSION = YES_AGGRESSIVE;
				CLANG_CXX_LANGUAGE_STANDARD = "gnu++14";
				CLANG_CXX_LIBRARY = "libc++";
				CLANG_ENABLE_MODULES = YES;
				CLANG_ENABLE_OBJC_ARC = YES;
				CLANG_ENABLE_OBJC_WEAK = YES;
				CLANG_WARN_BLOCK_CAPTURE_AUTORELEASING = YES;
				CLANG_WARN_BOOL_CONVERSION = YES;
				CLANG_WARN_COMMA = YES;
				CLANG_WARN_CONSTANT_CONVERSION = YES;
				CLANG_WARN_DEPRECATED_OBJC_IMPLEMENTATIONS = YES;
				CLANG_WARN_DIRECT_OBJC_ISA_USAGE = YES_ERROR;
				CLANG_WARN_DOCUMENTATION_COMMENTS = YES;
				CLANG_WARN_EMPTY_BODY = YES;
				CLANG_WARN_ENUM_CONVERSION = YES;
				CLANG_WARN_INFINITE_RECURSION = YES;
				CLANG_WARN_INT_CONVERSION = YES;
				CLANG_WARN_NON_LITERAL_NULL_CONVERSION = YES;
				CLANG_WARN_OBJC_IMPLICIT_RETAIN_SELF = YES;
				CLANG_WARN_OBJC_LITERAL_CONVERSION = YES;
				CLANG_WARN_OBJC_ROOT_CLASS = YES_ERROR;
				CLANG_WARN_RANGE_LOOP_ANALYSIS = YES;
				CLANG_WARN_STRICT_PROTOTYPES = YES;
				CLANG_WARN_SUSPICIOUS_MOVE = YES;
				CLANG_WARN_UNGUARDED_AVAILABILITY = YES_AGGRESSIVE;
				CLANG_WARN_UNREACHABLE_CODE = YES;
				CLANG_WARN__DUPLICATE_METHOD_MATCH = YES;
				COPY_PHASE_STRIP = NO;
				DEBUG_INFORMATION_FORMAT = "dwarf-with-dsym";
				ENABLE_NS_ASSERTIONS = NO;
				ENABLE_STRICT_OBJC_MSGSEND = YES;
				GCC_C_LANGUAGE_STANDARD = gnu11;
				GCC_NO_COMMON_BLOCKS = YES;
				GCC_WARN_64_TO_32_BIT_CONVERSION = YES;
				GCC_WARN_ABOUT_RETURN_TYPE = YES_ERROR;
				GCC_WARN_UNDECLARED_SELECTOR = YES;
				GCC_WARN_UNINITIALIZED_AUTOS = YES_AGGRESSIVE;
				GCC_WARN_UNUSED_FUNCTION = YES;
				GCC_WARN_UNUSED_VARIABLE = YES;
				INSTALL_OWNER = sbarex;
				MACOSX_DEPLOYMENT_TARGET = 10.14;
				MTL_ENABLE_DEBUG_INFO = NO;
				MTL_FAST_MATH = YES;
				SDKROOT = macosx;
				SWIFT_COMPILATION_MODE = wholemodule;
				SWIFT_OPTIMIZATION_LEVEL = "-O";
				SWIFT_VERSION = 5.0;
				VALID_ARCHS = x86_64;
			};
			name = Release;
		};
		83592356235599F9001506B6 /* Debug */ = {
			isa = XCBuildConfiguration;
			buildSettings = {
				ALWAYS_EMBED_SWIFT_STANDARD_LIBRARIES = NO;
				ASSETCATALOG_COMPILER_APPICON_NAME = AppIcon;
				CODE_SIGN_ENTITLEMENTS = Application/SCSHApp.entitlements;
				CODE_SIGN_IDENTITY = "-";
				CODE_SIGN_STYLE = Manual;
				COMBINE_HIDPI_IMAGES = YES;
				DEVELOPMENT_TEAM = "";
				ENABLE_HARDENED_RUNTIME = YES;
				INFOPLIST_FILE = Application/Info.plist;
				INSTALL_OWNER = "${USER}";
				LD_RUNPATH_SEARCH_PATHS = (
					"$(inherited)",
					"@executable_path/../Frameworks",
				);
				PRODUCT_BUNDLE_IDENTIFIER = org.sbarex.SourceCodeSyntaxHighlight;
				PRODUCT_NAME = "$(TARGET_NAME)";
				PROVISIONING_PROFILE_SPECIFIER = "";
				SWIFT_VERSION = 5.0;
			};
			name = Debug;
		};
		83592357235599F9001506B6 /* Release */ = {
			isa = XCBuildConfiguration;
			buildSettings = {
				ALWAYS_EMBED_SWIFT_STANDARD_LIBRARIES = NO;
				ASSETCATALOG_COMPILER_APPICON_NAME = AppIcon;
				CODE_SIGN_ENTITLEMENTS = Application/SCSHApp.entitlements;
				CODE_SIGN_IDENTITY = "-";
				CODE_SIGN_STYLE = Manual;
				COMBINE_HIDPI_IMAGES = YES;
				DEVELOPMENT_TEAM = "";
				ENABLE_HARDENED_RUNTIME = YES;
				INFOPLIST_FILE = Application/Info.plist;
				INSTALL_OWNER = "${USER}";
				LD_RUNPATH_SEARCH_PATHS = (
					"$(inherited)",
					"@executable_path/../Frameworks",
				);
				PRODUCT_BUNDLE_IDENTIFIER = org.sbarex.SourceCodeSyntaxHighlight;
				PRODUCT_NAME = "$(TARGET_NAME)";
				PROVISIONING_PROFILE_SPECIFIER = "";
				SWIFT_VERSION = 5.0;
			};
			name = Release;
		};
		8359236C23559A2B001506B6 /* Debug */ = {
			isa = XCBuildConfiguration;
			buildSettings = {
				CODE_SIGN_ENTITLEMENTS = QLExtension/QLExtension.entitlements;
				CODE_SIGN_IDENTITY = "-";
				CODE_SIGN_STYLE = Manual;
				DEVELOPMENT_TEAM = "";
				ENABLE_HARDENED_RUNTIME = YES;
				INFOPLIST_FILE = QLExtension/Info.plist;
				INSTALL_OWNER = "${USER}";
				LD_RUNPATH_SEARCH_PATHS = (
					"$(inherited)",
					"@executable_path/../Frameworks",
					"@executable_path/../../../../Frameworks",
				);
				PRODUCT_BUNDLE_IDENTIFIER = org.sbarex.SourceCodeSyntaxHighlight.QuicklookExtension;
				PRODUCT_NAME = "$(TARGET_NAME)";
				PROVISIONING_PROFILE_SPECIFIER = "";
				SKIP_INSTALL = YES;
				SWIFT_VERSION = 5.0;
			};
			name = Debug;
		};
		8359236D23559A2B001506B6 /* Release */ = {
			isa = XCBuildConfiguration;
			buildSettings = {
				CODE_SIGN_ENTITLEMENTS = QLExtension/QLExtension.entitlements;
				CODE_SIGN_IDENTITY = "-";
				CODE_SIGN_STYLE = Manual;
				DEVELOPMENT_TEAM = "";
				ENABLE_HARDENED_RUNTIME = YES;
				INFOPLIST_FILE = QLExtension/Info.plist;
				INSTALL_OWNER = "${USER}";
				LD_RUNPATH_SEARCH_PATHS = (
					"$(inherited)",
					"@executable_path/../Frameworks",
					"@executable_path/../../../../Frameworks",
				);
				PRODUCT_BUNDLE_IDENTIFIER = org.sbarex.SourceCodeSyntaxHighlight.QuicklookExtension;
				PRODUCT_NAME = "$(TARGET_NAME)";
				PROVISIONING_PROFILE_SPECIFIER = "";
				SKIP_INSTALL = YES;
				SWIFT_VERSION = 5.0;
			};
			name = Release;
		};
		8359238823563BDF001506B6 /* Debug */ = {
			isa = XCBuildConfiguration;
			buildSettings = {
				CODE_SIGN_IDENTITY = "-";
				CODE_SIGN_STYLE = Manual;
				COMBINE_HIDPI_IMAGES = YES;
				DEVELOPMENT_TEAM = "";
				ENABLE_HARDENED_RUNTIME = YES;
				INFOPLIST_FILE = XPCService/Info.plist;
				INSTALL_OWNER = "${USER}";
				LD_RUNPATH_SEARCH_PATHS = "@loader_path/../../../../Frameworks";
				PRODUCT_BUNDLE_IDENTIFIER = org.sbarex.SourceCodeSyntaxHighlight.XPCService;
				PRODUCT_NAME = "$(TARGET_NAME)";
				PROVISIONING_PROFILE_SPECIFIER = "";
				SKIP_INSTALL = YES;
				SWIFT_INSTALL_OBJC_HEADER = NO;
				SWIFT_OBJC_INTERFACE_HEADER_NAME = "";
				SWIFT_VERSION = 5.0;
			};
			name = Debug;
		};
		8359238923563BDF001506B6 /* Release */ = {
			isa = XCBuildConfiguration;
			buildSettings = {
				CODE_SIGN_ENTITLEMENTS = XPCService/XPCServiceRelease.entitlements;
				CODE_SIGN_IDENTITY = "-";
				CODE_SIGN_STYLE = Manual;
				COMBINE_HIDPI_IMAGES = YES;
				DEVELOPMENT_TEAM = "";
				ENABLE_HARDENED_RUNTIME = YES;
				INFOPLIST_FILE = XPCService/Info.plist;
				INSTALL_OWNER = "${USER}";
				LD_RUNPATH_SEARCH_PATHS = "@loader_path/../../../../Frameworks";
				PRODUCT_BUNDLE_IDENTIFIER = org.sbarex.SourceCodeSyntaxHighlight.XPCService;
				PRODUCT_NAME = "$(TARGET_NAME)";
				PROVISIONING_PROFILE_SPECIFIER = "";
				SKIP_INSTALL = YES;
				SWIFT_INSTALL_OBJC_HEADER = NO;
				SWIFT_OBJC_INTERFACE_HEADER_NAME = "";
				SWIFT_VERSION = 5.0;
			};
			name = Release;
		};
/* End XCBuildConfiguration section */

/* Begin XCConfigurationList section */
		83592340235599F6001506B6 /* Build configuration list for PBXProject "SourceCodeSyntaxHighlight" */ = {
			isa = XCConfigurationList;
			buildConfigurations = (
				83592353235599F9001506B6 /* Debug */,
				83592354235599F9001506B6 /* Release */,
			);
			defaultConfigurationIsVisible = 0;
			defaultConfigurationName = Release;
		};
		83592355235599F9001506B6 /* Build configuration list for PBXNativeTarget "SourceCodeSyntaxHighlight" */ = {
			isa = XCConfigurationList;
			buildConfigurations = (
				83592356235599F9001506B6 /* Debug */,
				83592357235599F9001506B6 /* Release */,
			);
			defaultConfigurationIsVisible = 0;
			defaultConfigurationName = Release;
		};
		8359236B23559A2B001506B6 /* Build configuration list for PBXNativeTarget "SourceCodeSyntaxHighlightExtension" */ = {
			isa = XCConfigurationList;
			buildConfigurations = (
				8359236C23559A2B001506B6 /* Debug */,
				8359236D23559A2B001506B6 /* Release */,
			);
			defaultConfigurationIsVisible = 0;
			defaultConfigurationName = Release;
		};
		8359238723563BDF001506B6 /* Build configuration list for PBXNativeTarget "SourceCodeSyntaxHighlightXPCService" */ = {
			isa = XCConfigurationList;
			buildConfigurations = (
				8359238823563BDF001506B6 /* Debug */,
				8359238923563BDF001506B6 /* Release */,
			);
			defaultConfigurationIsVisible = 0;
			defaultConfigurationName = Release;
		};
/* End XCConfigurationList section */
	};
	rootObject = 8359233D235599F6001506B6 /* Project object */;
}
