// !$*UTF8*$!
{
	archiveVersion = 1;
	classes = {
	};
	objectVersion = 50;
	objects = {

/* Begin PBXBuildFile section */
		8304B0A4238D8794007A455C /* XPCLightRenderServiceProtocol.swift in Sources */ = {isa = PBXBuildFile; fileRef = 838F465C238D813500268B4A /* XPCLightRenderServiceProtocol.swift */; };
		8304B0A5238D879A007A455C /* XPCLightRenderService.swift in Sources */ = {isa = PBXBuildFile; fileRef = 838F465D238D813500268B4A /* XPCLightRenderService.swift */; };
		8304B0A6238D8954007A455C /* File+Ext.swift in Sources */ = {isa = PBXBuildFile; fileRef = 836D01E32386C7CD00B85545 /* File+Ext.swift */; };
		8304B0B0238DBCA8007A455C /* SCSHBaseSettings.swift in Sources */ = {isa = PBXBuildFile; fileRef = 8304B0AF238DBCA8007A455C /* SCSHBaseSettings.swift */; };
		8304B0B1238DBCAB007A455C /* SCSHBaseSettings.swift in Sources */ = {isa = PBXBuildFile; fileRef = 8304B0AF238DBCA8007A455C /* SCSHBaseSettings.swift */; };
		8304B0B2238DBCAB007A455C /* SCSHBaseSettings.swift in Sources */ = {isa = PBXBuildFile; fileRef = 8304B0AF238DBCA8007A455C /* SCSHBaseSettings.swift */; };
		8304B0B3238DBCBA007A455C /* SCSHBaseSettings.swift in Sources */ = {isa = PBXBuildFile; fileRef = 8304B0AF238DBCA8007A455C /* SCSHBaseSettings.swift */; };
		8304B0B5238EE3B7007A455C /* about_highlight.png in Copy Image help */ = {isa = PBXBuildFile; fileRef = 8304B0B4238E8B21007A455C /* about_highlight.png */; };
		8304B0B7238FA897007A455C /* TaskResult.swift in Sources */ = {isa = PBXBuildFile; fileRef = 8304B0B6238FA897007A455C /* TaskResult.swift */; };
		8304B0B8238FA897007A455C /* TaskResult.swift in Sources */ = {isa = PBXBuildFile; fileRef = 8304B0B6238FA897007A455C /* TaskResult.swift */; };
		8304B0B9238FA920007A455C /* SCSHError.swift in Sources */ = {isa = PBXBuildFile; fileRef = 8359239C23570C52001506B6 /* SCSHError.swift */; };
		8304B0BC238FBCC4007A455C /* SCSHBaseXPCService.swift in Sources */ = {isa = PBXBuildFile; fileRef = 8304B0BB238FBCC4007A455C /* SCSHBaseXPCService.swift */; };
		8304B0BD238FBCC4007A455C /* SCSHBaseXPCService.swift in Sources */ = {isa = PBXBuildFile; fileRef = 8304B0BB238FBCC4007A455C /* SCSHBaseXPCService.swift */; };
		8304B0BE238FF601007A455C /* Syntax Highlight XPC Render.xpc in CopyFiles */ = {isa = PBXBuildFile; fileRef = 838F465A238D813500268B4A /* Syntax Highlight XPC Render.xpc */; settings = {ATTRIBUTES = (RemoveHeadersOnCopy, ); }; };
		8304B0BF238FFC1C007A455C /* highlight in Resources */ = {isa = PBXBuildFile; fileRef = 83C09FDA2365B9360062BF39 /* highlight */; };
		8304B0C0238FFC1D007A455C /* colorize.sh in Resources */ = {isa = PBXBuildFile; fileRef = 8359236F2355B19F001506B6 /* colorize.sh */; };
		8304B0C1238FFC1F007A455C /* style.css in Resources */ = {isa = PBXBuildFile; fileRef = 83A0691023672FD100C795D6 /* style.css */; };
		83088A7F236CBBB20092180E /* libLua.dylib in Frameworks */ = {isa = PBXBuildFile; fileRef = 83088A6E236CB19A0092180E /* libLua.dylib */; };
		83088A87236CC0330092180E /* .gitignore in Resources */ = {isa = PBXBuildFile; fileRef = 83088A82236CC0330092180E /* .gitignore */; };
		830D154D23780A4200D5535C /* SCSHTheme+Lua.swift in Sources */ = {isa = PBXBuildFile; fileRef = 830D154C23780A4200D5535C /* SCSHTheme+Lua.swift */; };
		830D15542378182800D5535C /* SCSHTheme.swift in Sources */ = {isa = PBXBuildFile; fileRef = 835923EB235A3A85001506B6 /* SCSHTheme.swift */; };
		830D15552378419F00D5535C /* NSColor+ext.swift in Sources */ = {isa = PBXBuildFile; fileRef = 835923E9235A022C001506B6 /* NSColor+ext.swift */; };
		830D1559237961C900D5535C /* WarningUTIViewController.swift in Sources */ = {isa = PBXBuildFile; fileRef = 830D1558237961C900D5535C /* WarningUTIViewController.swift */; };
		8311D9C7235DE6D7006DC138 /* Data+Ext.swift in Sources */ = {isa = PBXBuildFile; fileRef = 8311D9C6235DE6D7006DC138 /* Data+Ext.swift */; };
		8311D9C8235DE6D7006DC138 /* Data+Ext.swift in Sources */ = {isa = PBXBuildFile; fileRef = 8311D9C6235DE6D7006DC138 /* Data+Ext.swift */; };
		831D5F55237F0CF1007340E7 /* CustomTypeViewController.swift in Sources */ = {isa = PBXBuildFile; fileRef = 831D5F54237F0CF1007340E7 /* CustomTypeViewController.swift */; };
		831D5F5B237F1E87007340E7 /* UTI.swift in Sources */ = {isa = PBXBuildFile; fileRef = 831D5F5A237F1E87007340E7 /* UTI.swift */; };
		83203D7A24F2820300F8CBC0 /* AppDelegate.swift in Sources */ = {isa = PBXBuildFile; fileRef = 83203D7924F2820300F8CBC0 /* AppDelegate.swift */; };
		83203D7C24F2820400F8CBC0 /* ViewController.swift in Sources */ = {isa = PBXBuildFile; fileRef = 83203D7B24F2820400F8CBC0 /* ViewController.swift */; };
		83203D7E24F2820600F8CBC0 /* Assets.xcassets in Resources */ = {isa = PBXBuildFile; fileRef = 83203D7D24F2820600F8CBC0 /* Assets.xcassets */; };
		83203D8124F2820600F8CBC0 /* Main.storyboard in Resources */ = {isa = PBXBuildFile; fileRef = 83203D7F24F2820600F8CBC0 /* Main.storyboard */; };
		83203D8B24F2822100F8CBC0 /* Document.swift in Sources */ = {isa = PBXBuildFile; fileRef = 835923BE23571FB7001506B6 /* Document.swift */; };
		83203D8D24F288D200F8CBC0 /* WebKit.framework in Frameworks */ = {isa = PBXBuildFile; fileRef = 8359237523563A81001506B6 /* WebKit.framework */; };
		83203D8E24F288D800F8CBC0 /* Syntax Highlight XPC Service.xpc in Embed XPC Services */ = {isa = PBXBuildFile; fileRef = 8359237B23563BDF001506B6 /* Syntax Highlight XPC Service.xpc */; settings = {ATTRIBUTES = (RemoveHeadersOnCopy, ); }; };
		83203D9224F288F300F8CBC0 /* SCSHSettings.swift in Sources */ = {isa = PBXBuildFile; fileRef = 835923ED235A5D33001506B6 /* SCSHSettings.swift */; };
		83203D9324F2890D00F8CBC0 /* SCSHBaseSettings.swift in Sources */ = {isa = PBXBuildFile; fileRef = 8304B0AF238DBCA8007A455C /* SCSHBaseSettings.swift */; };
		83203D9424F2891000F8CBC0 /* SCSHError.swift in Sources */ = {isa = PBXBuildFile; fileRef = 8359239C23570C52001506B6 /* SCSHError.swift */; };
		83203D9524F2891600F8CBC0 /* SCSHTheme.swift in Sources */ = {isa = PBXBuildFile; fileRef = 835923EB235A3A85001506B6 /* SCSHTheme.swift */; };
		83203D9624F2893200F8CBC0 /* String+GShell.swift in Sources */ = {isa = PBXBuildFile; fileRef = 839098C32379E34A005D3E7C /* String+GShell.swift */; };
		83203D9724F2895000F8CBC0 /* NSColor+ext.swift in Sources */ = {isa = PBXBuildFile; fileRef = 835923E9235A022C001506B6 /* NSColor+ext.swift */; };
		83203D9824F2895C00F8CBC0 /* Data+Ext.swift in Sources */ = {isa = PBXBuildFile; fileRef = 8311D9C6235DE6D7006DC138 /* Data+Ext.swift */; };
		833E57472452FA5800D72715 /* PreviewView.xib in Resources */ = {isa = PBXBuildFile; fileRef = 833E57462452FA5800D72715 /* PreviewView.xib */; };
		833E57492452FAE500D72715 /* PreviewView.swift in Sources */ = {isa = PBXBuildFile; fileRef = 833E57482452FAE500D72715 /* PreviewView.swift */; };
		83408DDE23804A0700128B0C /* examples in Resources */ = {isa = PBXBuildFile; fileRef = 83408DDD23804A0600128B0C /* examples */; };
		83408DE02380505000128B0C /* CSSControlView.swift in Sources */ = {isa = PBXBuildFile; fileRef = 83408DDF2380505000128B0C /* CSSControlView.swift */; };
		83592349235599F6001506B6 /* AppDelegate.swift in Sources */ = {isa = PBXBuildFile; fileRef = 83592348235599F6001506B6 /* AppDelegate.swift */; };
		8359234D235599F9001506B6 /* Assets.xcassets in Resources */ = {isa = PBXBuildFile; fileRef = 8359234C235599F9001506B6 /* Assets.xcassets */; };
		83592350235599F9001506B6 /* Main.storyboard in Resources */ = {isa = PBXBuildFile; fileRef = 8359234E235599F9001506B6 /* Main.storyboard */; };
		8359235F23559A2B001506B6 /* Quartz.framework in Frameworks */ = {isa = PBXBuildFile; fileRef = 8359235E23559A2B001506B6 /* Quartz.framework */; };
		8359236223559A2B001506B6 /* PreviewViewController.swift in Sources */ = {isa = PBXBuildFile; fileRef = 8359236123559A2B001506B6 /* PreviewViewController.swift */; };
		8359236523559A2B001506B6 /* PreviewViewController.xib in Resources */ = {isa = PBXBuildFile; fileRef = 8359236323559A2B001506B6 /* PreviewViewController.xib */; };
		8359236A23559A2B001506B6 /* Syntax Highlight Quicklook Extension.appex in Embed App Extensions */ = {isa = PBXBuildFile; fileRef = 8359235C23559A2B001506B6 /* Syntax Highlight Quicklook Extension.appex */; settings = {ATTRIBUTES = (RemoveHeadersOnCopy, ); }; };
		8359237623563A81001506B6 /* WebKit.framework in Frameworks */ = {isa = PBXBuildFile; fileRef = 8359237523563A81001506B6 /* WebKit.framework */; };
		8359238023563BDF001506B6 /* SCSHXPCServiceDelegate.swift in Sources */ = {isa = PBXBuildFile; fileRef = 8359237F23563BDF001506B6 /* SCSHXPCServiceDelegate.swift */; };
		8359238223563BDF001506B6 /* main.swift in Sources */ = {isa = PBXBuildFile; fileRef = 8359238123563BDF001506B6 /* main.swift */; };
		8359238623563BDF001506B6 /* Syntax Highlight XPC Service.xpc in Embed XPC Services */ = {isa = PBXBuildFile; fileRef = 8359237B23563BDF001506B6 /* Syntax Highlight XPC Service.xpc */; settings = {ATTRIBUTES = (RemoveHeadersOnCopy, ); }; };
		8359238E2356436C001506B6 /* SCSHXPCServiceProtocol.swift in Sources */ = {isa = PBXBuildFile; fileRef = 8359237D23563BDF001506B6 /* SCSHXPCServiceProtocol.swift */; };
		8359238F23564497001506B6 /* SCSHXPCService.swift in Sources */ = {isa = PBXBuildFile; fileRef = 8359237E23563BDF001506B6 /* SCSHXPCService.swift */; };
		8359239523564B56001506B6 /* colorize.sh in Resources */ = {isa = PBXBuildFile; fileRef = 8359236F2355B19F001506B6 /* colorize.sh */; };
		8359239923565889001506B6 /* WebKit.framework in Frameworks */ = {isa = PBXBuildFile; fileRef = 8359237523563A81001506B6 /* WebKit.framework */; };
		8359239B23565890001506B6 /* Foundation.framework in Frameworks */ = {isa = PBXBuildFile; fileRef = 8359239A23565890001506B6 /* Foundation.framework */; };
		8359239D23570C52001506B6 /* SCSHError.swift in Sources */ = {isa = PBXBuildFile; fileRef = 8359239C23570C52001506B6 /* SCSHError.swift */; };
		8359239E23570C5B001506B6 /* SCSHError.swift in Sources */ = {isa = PBXBuildFile; fileRef = 8359239C23570C52001506B6 /* SCSHError.swift */; };
		8359239F23570C5C001506B6 /* SCSHError.swift in Sources */ = {isa = PBXBuildFile; fileRef = 8359239C23570C52001506B6 /* SCSHError.swift */; };
		835923EA235A022C001506B6 /* NSColor+ext.swift in Sources */ = {isa = PBXBuildFile; fileRef = 835923E9235A022C001506B6 /* NSColor+ext.swift */; };
		835923EC235A3A85001506B6 /* SCSHTheme.swift in Sources */ = {isa = PBXBuildFile; fileRef = 835923EB235A3A85001506B6 /* SCSHTheme.swift */; };
		835923EE235A5D33001506B6 /* SCSHSettings.swift in Sources */ = {isa = PBXBuildFile; fileRef = 835923ED235A5D33001506B6 /* SCSHSettings.swift */; };
		835923EF235A5EB9001506B6 /* SCSHSettings.swift in Sources */ = {isa = PBXBuildFile; fileRef = 835923ED235A5D33001506B6 /* SCSHSettings.swift */; };
		835923F0235A5EBA001506B6 /* SCSHSettings.swift in Sources */ = {isa = PBXBuildFile; fileRef = 835923ED235A5D33001506B6 /* SCSHSettings.swift */; };
		835923F1235A6F16001506B6 /* NSColor+ext.swift in Sources */ = {isa = PBXBuildFile; fileRef = 835923E9235A022C001506B6 /* NSColor+ext.swift */; };
		836C4C802454DE78005F0B3A /* AppearanceView.xib in Resources */ = {isa = PBXBuildFile; fileRef = 836C4C7F2454DE78005F0B3A /* AppearanceView.xib */; };
		836C4C862454DF41005F0B3A /* AppearanceView.swift in Sources */ = {isa = PBXBuildFile; fileRef = 836C4C852454DF41005F0B3A /* AppearanceView.swift */; };
		836D01E22386BE9F00B85545 /* SCSHTheme.swift in Sources */ = {isa = PBXBuildFile; fileRef = 835923EB235A3A85001506B6 /* SCSHTheme.swift */; };
		836D01E42386C7CD00B85545 /* File+Ext.swift in Sources */ = {isa = PBXBuildFile; fileRef = 836D01E32386C7CD00B85545 /* File+Ext.swift */; };
		836D01E72386DE5300B85545 /* String+ext.swift in Sources */ = {isa = PBXBuildFile; fileRef = 836D01E52386DE4E00B85545 /* String+ext.swift */; };
		837CFC8B2372EF5E00641AE4 /* VerticallyCenteredTextFieldCell.swift in Sources */ = {isa = PBXBuildFile; fileRef = 837CFC8A2372EF5E00641AE4 /* VerticallyCenteredTextFieldCell.swift */; };
		837DFC222375FE1E00920E72 /* PreferencesViewController.swift in Sources */ = {isa = PBXBuildFile; fileRef = 837DFC212375FE1E00920E72 /* PreferencesViewController.swift */; };
		837F088623802A8000D3893B /* SyntaxHighlight.help in Resources */ = {isa = PBXBuildFile; fileRef = 837F088523802A8000D3893B /* SyntaxHighlight.help */; };
		838048F9245F71D1007AA350 /* settings_global.png in Resources */ = {isa = PBXBuildFile; fileRef = 838048F4245F71D0007AA350 /* settings_global.png */; };
		838048FB245F72C8007AA350 /* settings_appearance.png in Resources */ = {isa = PBXBuildFile; fileRef = 838048FA245F72C7007AA350 /* settings_appearance.png */; };
		838048FD245F7427007AA350 /* settings_extra.png in Resources */ = {isa = PBXBuildFile; fileRef = 838048FC245F7427007AA350 /* settings_extra.png */; };
		838B78B5238293EE00619951 /* inquiry.png in Copy Image help */ = {isa = PBXBuildFile; fileRef = 838B78B0238292FD00619951 /* inquiry.png */; };
		838F164F2380B05600A13F0F /* settings.png in Copy Image help */ = {isa = PBXBuildFile; fileRef = 8311D9A6235CE0A8006DC138 /* settings.png */; };
		838F16512380B05B00A13F0F /* extensions.png in Copy Image help */ = {isa = PBXBuildFile; fileRef = 8311D9A8235CE6D7006DC138 /* extensions.png */; };
		838F16522380B06200A13F0F /* settings_specific_warn.png in Copy Image help */ = {isa = PBXBuildFile; fileRef = 830D155B23797D8000D5535C /* settings_specific_warn.png */; };
		838F465F238D813500268B4A /* XPCLightRenderServiceDelegate.swift in Sources */ = {isa = PBXBuildFile; fileRef = 838F465E238D813500268B4A /* XPCLightRenderServiceDelegate.swift */; };
		838F4661238D813500268B4A /* main.swift in Sources */ = {isa = PBXBuildFile; fileRef = 838F4660238D813500268B4A /* main.swift */; };
		8390B18B23815B6500EA028A /* ThemeSelectorViewController.swift in Sources */ = {isa = PBXBuildFile; fileRef = 8390B18A23815B6500EA028A /* ThemeSelectorViewController.swift */; };
		839CA3A02460699B0048E249 /* String+GShell.swift in Sources */ = {isa = PBXBuildFile; fileRef = 839098C32379E34A005D3E7C /* String+GShell.swift */; };
		839CA3A12460699C0048E249 /* String+GShell.swift in Sources */ = {isa = PBXBuildFile; fileRef = 839098C32379E34A005D3E7C /* String+GShell.swift */; };
		839CA3A22460699C0048E249 /* String+GShell.swift in Sources */ = {isa = PBXBuildFile; fileRef = 839098C32379E34A005D3E7C /* String+GShell.swift */; };
		839CA3A32460699C0048E249 /* String+GShell.swift in Sources */ = {isa = PBXBuildFile; fileRef = 839098C32379E34A005D3E7C /* String+GShell.swift */; };
		83A0691123672FD100C795D6 /* style.css in Resources */ = {isa = PBXBuildFile; fileRef = 83A0691023672FD100C795D6 /* style.css */; };
		83A06912236730D800C795D6 /* style.css in Resources */ = {isa = PBXBuildFile; fileRef = 83A0691023672FD100C795D6 /* style.css */; };
		83A1C601245C1CEA0045C2AC /* standard_settings.plist in Resources */ = {isa = PBXBuildFile; fileRef = 83A1C600245C1CEA0045C2AC /* standard_settings.plist */; };
		83A1C607245C28060045C2AC /* UTITableCellView.swift in Sources */ = {isa = PBXBuildFile; fileRef = 83A1C606245C28060045C2AC /* UTITableCellView.swift */; };
		83A1C609245C441E0045C2AC /* ThemeCollectionViewItem.swift in Sources */ = {isa = PBXBuildFile; fileRef = 83A1C608245C441E0045C2AC /* ThemeCollectionViewItem.swift */; };
		83A1C60A245C45980045C2AC /* ThemeCollectionViewItem.xib in Resources */ = {isa = PBXBuildFile; fileRef = 8390B19023815FF200EA028A /* ThemeCollectionViewItem.xib */; };
		83BB33BA247198780022E236 /* inquiry_add_format.png in Resources */ = {isa = PBXBuildFile; fileRef = 83BB33B9247198770022E236 /* inquiry_add_format.png */; };
		83C09FDB2365B9360062BF39 /* highlight in Resources */ = {isa = PBXBuildFile; fileRef = 83C09FDA2365B9360062BF39 /* highlight */; };
		83C981F1238AA33C00718132 /* InfoHighlightController.swift in Sources */ = {isa = PBXBuildFile; fileRef = 83C981F0238AA33C00718132 /* InfoHighlightController.swift */; };
		83C981F3238B04CD00718132 /* custom_css.png in Copy Image help */ = {isa = PBXBuildFile; fileRef = 83C981F2238B04BC00718132 /* custom_css.png */; };
		83C981F5238B0C6E00718132 /* theme_editor.png in Copy Image help */ = {isa = PBXBuildFile; fileRef = 83C981F4238B0C6100718132 /* theme_editor.png */; };
		83CE519B251C82D7004950F4 /* UTIInfoView.xib in Resources */ = {isa = PBXBuildFile; fileRef = 83CE519A251C82D7004950F4 /* UTIInfoView.xib */; };
		83CE51A3251C82E1004950F4 /* UTIInfoView.swift in Sources */ = {isa = PBXBuildFile; fileRef = 83CE51A2251C82E1004950F4 /* UTIInfoView.swift */; };
		83D499982382F9BF001686CF /* ThemesViewController.swift in Sources */ = {isa = PBXBuildFile; fileRef = 83D499972382F9BF001686CF /* ThemesViewController.swift */; };
		83DF2E2724576190007DFF76 /* ExtraSettingsView.xib in Resources */ = {isa = PBXBuildFile; fileRef = 83DF2E2624576190007DFF76 /* ExtraSettingsView.xib */; };
		83DF2E2D245761EC007DFF76 /* ExtraSettingsView.swift in Sources */ = {isa = PBXBuildFile; fileRef = 83DF2E2C245761EC007DFF76 /* ExtraSettingsView.swift */; };
		83DF2E3724597EB2007DFF76 /* defaults in Resources */ = {isa = PBXBuildFile; fileRef = 83DF2E3524597EAE007DFF76 /* defaults */; };
		83DF2E3824597EB8007DFF76 /* defaults in Resources */ = {isa = PBXBuildFile; fileRef = 83DF2E3524597EAE007DFF76 /* defaults */; };
		83EC8F592460A56800F71315 /* settings_global.png in Copy Image help */ = {isa = PBXBuildFile; fileRef = 838048F4245F71D0007AA350 /* settings_global.png */; };
		83EC8F5E2460A56A00F71315 /* settings_appearance.png in Copy Image help */ = {isa = PBXBuildFile; fileRef = 838048FA245F72C7007AA350 /* settings_appearance.png */; };
		83EC8F5F2460A56E00F71315 /* settings_extra.png in Copy Image help */ = {isa = PBXBuildFile; fileRef = 838048FC245F7427007AA350 /* settings_extra.png */; };
		83EC8F612461CF1D00F71315 /* GlobalSettingsView.xib in Resources */ = {isa = PBXBuildFile; fileRef = 83EC8F602461CF1D00F71315 /* GlobalSettingsView.xib */; };
		83EC8F632461CF3E00F71315 /* GlobalSettingsView.swift in Sources */ = {isa = PBXBuildFile; fileRef = 83EC8F622461CF3E00F71315 /* GlobalSettingsView.swift */; };
		83FD6ED3246B061600F5BDF3 /* main.swift in Sources */ = {isa = PBXBuildFile; fileRef = 83FD6ED2246B061600F5BDF3 /* main.swift */; };
/* End PBXBuildFile section */

/* Begin PBXContainerItemProxy section */
		83088A69236CB19A0092180E /* PBXContainerItemProxy */ = {
			isa = PBXContainerItemProxy;
			containerPortal = 83088A62236CB19A0092180E /* Lua.xcodeproj */;
			proxyType = 2;
			remoteGlobalIDString = 168D386D1DB9D00A00087970;
			remoteInfo = LuaSource;
		};
		83088A6B236CB19A0092180E /* PBXContainerItemProxy */ = {
			isa = PBXContainerItemProxy;
			containerPortal = 83088A62236CB19A0092180E /* Lua.xcodeproj */;
			proxyType = 2;
			remoteGlobalIDString = 1680CA551DBA0D3600333F1F;
			remoteInfo = Lua;
		};
		83088A6D236CB19A0092180E /* PBXContainerItemProxy */ = {
			isa = PBXContainerItemProxy;
			containerPortal = 83088A62236CB19A0092180E /* Lua.xcodeproj */;
			proxyType = 2;
			remoteGlobalIDString = 944A33011A475A6400BF8675;
			remoteInfo = "Lua macOS";
		};
		83088A6F236CB19A0092180E /* PBXContainerItemProxy */ = {
			isa = PBXContainerItemProxy;
			containerPortal = 83088A62236CB19A0092180E /* Lua.xcodeproj */;
			proxyType = 2;
			remoteGlobalIDString = 94697A8E1AC712CB0047447A;
			remoteInfo = "Lua Tests";
		};
		83203D8F24F288D800F8CBC0 /* PBXContainerItemProxy */ = {
			isa = PBXContainerItemProxy;
			containerPortal = 8359233D235599F6001506B6 /* Project object */;
			proxyType = 1;
			remoteGlobalIDString = 8359237A23563BDF001506B6;
			remoteInfo = "Syntax Highlight XPC Service";
		};
		8359236823559A2B001506B6 /* PBXContainerItemProxy */ = {
			isa = PBXContainerItemProxy;
			containerPortal = 8359233D235599F6001506B6 /* Project object */;
			proxyType = 1;
			remoteGlobalIDString = 8359235B23559A2B001506B6;
			remoteInfo = QLExtension;
		};
		8359238423563BDF001506B6 /* PBXContainerItemProxy */ = {
			isa = PBXContainerItemProxy;
			containerPortal = 8359233D235599F6001506B6 /* Project object */;
			proxyType = 1;
			remoteGlobalIDString = 8359237A23563BDF001506B6;
			remoteInfo = XPCService;
		};
		838F4663238D813500268B4A /* PBXContainerItemProxy */ = {
			isa = PBXContainerItemProxy;
			containerPortal = 8359233D235599F6001506B6 /* Project object */;
			proxyType = 1;
			remoteGlobalIDString = 838F4659238D813500268B4A;
			remoteInfo = SyntaxHighlightRenderXPC;
		};
/* End PBXContainerItemProxy section */

/* Begin PBXCopyFilesBuildPhase section */
		83203D9124F288D800F8CBC0 /* Embed XPC Services */ = {
			isa = PBXCopyFilesBuildPhase;
			buildActionMask = 2147483647;
			dstPath = "$(CONTENTS_FOLDER_PATH)/XPCServices";
			dstSubfolderSpec = 16;
			files = (
				83203D8E24F288D800F8CBC0 /* Syntax Highlight XPC Service.xpc in Embed XPC Services */,
			);
			name = "Embed XPC Services";
			runOnlyForDeploymentPostprocessing = 0;
		};
		8359236E23559A2B001506B6 /* Embed App Extensions */ = {
			isa = PBXCopyFilesBuildPhase;
			buildActionMask = 2147483647;
			dstPath = "";
			dstSubfolderSpec = 13;
			files = (
				8359236A23559A2B001506B6 /* Syntax Highlight Quicklook Extension.appex in Embed App Extensions */,
			);
			name = "Embed App Extensions";
			runOnlyForDeploymentPostprocessing = 0;
		};
		8359238A23563BDF001506B6 /* Embed XPC Services */ = {
			isa = PBXCopyFilesBuildPhase;
			buildActionMask = 2147483647;
			dstPath = "$(CONTENTS_FOLDER_PATH)/XPCServices";
			dstSubfolderSpec = 16;
			files = (
				8359238623563BDF001506B6 /* Syntax Highlight XPC Service.xpc in Embed XPC Services */,
			);
			name = "Embed XPC Services";
			runOnlyForDeploymentPostprocessing = 0;
		};
		838F164E2380B01200A13F0F /* Copy Image help */ = {
			isa = PBXCopyFilesBuildPhase;
			buildActionMask = 2147483647;
			dstPath = SyntaxHighlight.help/Contents/Resources/English.lproj/images;
			dstSubfolderSpec = 7;
			files = (
				838F164F2380B05600A13F0F /* settings.png in Copy Image help */,
				83EC8F592460A56800F71315 /* settings_global.png in Copy Image help */,
				83EC8F5E2460A56A00F71315 /* settings_appearance.png in Copy Image help */,
				83EC8F5F2460A56E00F71315 /* settings_extra.png in Copy Image help */,
				838F16522380B06200A13F0F /* settings_specific_warn.png in Copy Image help */,
				838F16512380B05B00A13F0F /* extensions.png in Copy Image help */,
				838B78B5238293EE00619951 /* inquiry.png in Copy Image help */,
				83C981F3238B04CD00718132 /* custom_css.png in Copy Image help */,
				83C981F5238B0C6E00718132 /* theme_editor.png in Copy Image help */,
				8304B0B5238EE3B7007A455C /* about_highlight.png in Copy Image help */,
			);
			name = "Copy Image help";
			runOnlyForDeploymentPostprocessing = 0;
		};
		839098D72379FA60005D3E7C /* CopyFiles */ = {
			isa = PBXCopyFilesBuildPhase;
			buildActionMask = 2147483647;
			dstPath = "$(CONTENTS_FOLDER_PATH)/XPCServices";
			dstSubfolderSpec = 16;
			files = (
				8304B0BE238FF601007A455C /* Syntax Highlight XPC Render.xpc in CopyFiles */,
			);
			runOnlyForDeploymentPostprocessing = 0;
		};
		83DF2E31245891E2007DFF76 /* CopyFiles */ = {
			isa = PBXCopyFilesBuildPhase;
			buildActionMask = 2147483647;
			dstPath = Defaults;
			dstSubfolderSpec = 7;
			files = (
			);
			runOnlyForDeploymentPostprocessing = 0;
		};
		83FD6ECE246B061600F5BDF3 /* CopyFiles */ = {
			isa = PBXCopyFilesBuildPhase;
			buildActionMask = 2147483647;
			dstPath = /usr/share/man/man1/;
			dstSubfolderSpec = 0;
			files = (
			);
			runOnlyForDeploymentPostprocessing = 1;
		};
/* End PBXCopyFilesBuildPhase section */

/* Begin PBXFileReference section */
		8304B0AF238DBCA8007A455C /* SCSHBaseSettings.swift */ = {isa = PBXFileReference; lastKnownFileType = sourcecode.swift; path = SCSHBaseSettings.swift; sourceTree = "<group>"; };
		8304B0B4238E8B21007A455C /* about_highlight.png */ = {isa = PBXFileReference; lastKnownFileType = image.png; path = about_highlight.png; sourceTree = "<group>"; };
		8304B0B6238FA897007A455C /* TaskResult.swift */ = {isa = PBXFileReference; lastKnownFileType = sourcecode.swift; path = TaskResult.swift; sourceTree = "<group>"; };
		8304B0BB238FBCC4007A455C /* SCSHBaseXPCService.swift */ = {isa = PBXFileReference; lastKnownFileType = sourcecode.swift; path = SCSHBaseXPCService.swift; sourceTree = "<group>"; };
		83088A62236CB19A0092180E /* Lua.xcodeproj */ = {isa = PBXFileReference; lastKnownFileType = "wrapper.pb-project"; name = Lua.xcodeproj; path = lua4swift/Lua.xcodeproj; sourceTree = "<group>"; };
		83088A82236CC0330092180E /* .gitignore */ = {isa = PBXFileReference; fileEncoding = 4; lastKnownFileType = text; path = .gitignore; sourceTree = "<group>"; };
		830D154C23780A4200D5535C /* SCSHTheme+Lua.swift */ = {isa = PBXFileReference; lastKnownFileType = sourcecode.swift; path = "SCSHTheme+Lua.swift"; sourceTree = "<group>"; };
		830D1558237961C900D5535C /* WarningUTIViewController.swift */ = {isa = PBXFileReference; lastKnownFileType = sourcecode.swift; path = WarningUTIViewController.swift; sourceTree = "<group>"; };
		830D155B23797D8000D5535C /* settings_specific_warn.png */ = {isa = PBXFileReference; lastKnownFileType = image.png; path = settings_specific_warn.png; sourceTree = "<group>"; };
		8311D9A3235CDAA1006DC138 /* README.md */ = {isa = PBXFileReference; lastKnownFileType = net.daringfireball.markdown; path = README.md; sourceTree = SOURCE_ROOT; };
		8311D9A6235CE0A8006DC138 /* settings.png */ = {isa = PBXFileReference; lastKnownFileType = image.png; path = settings.png; sourceTree = "<group>"; };
		8311D9A8235CE6D7006DC138 /* extensions.png */ = {isa = PBXFileReference; lastKnownFileType = image.png; path = extensions.png; sourceTree = "<group>"; };
		8311D9C6235DE6D7006DC138 /* Data+Ext.swift */ = {isa = PBXFileReference; lastKnownFileType = sourcecode.swift; path = "Data+Ext.swift"; sourceTree = "<group>"; };
		831D5F54237F0CF1007340E7 /* CustomTypeViewController.swift */ = {isa = PBXFileReference; lastKnownFileType = sourcecode.swift; path = CustomTypeViewController.swift; sourceTree = "<group>"; };
		831D5F5A237F1E87007340E7 /* UTI.swift */ = {isa = PBXFileReference; lastKnownFileType = sourcecode.swift; path = UTI.swift; sourceTree = "<group>"; };
		83203D7724F2820300F8CBC0 /* QLSourceSyntaxGUITest.app */ = {isa = PBXFileReference; explicitFileType = wrapper.application; includeInIndex = 0; path = QLSourceSyntaxGUITest.app; sourceTree = BUILT_PRODUCTS_DIR; };
		83203D7924F2820300F8CBC0 /* AppDelegate.swift */ = {isa = PBXFileReference; lastKnownFileType = sourcecode.swift; path = AppDelegate.swift; sourceTree = "<group>"; };
		83203D7B24F2820400F8CBC0 /* ViewController.swift */ = {isa = PBXFileReference; lastKnownFileType = sourcecode.swift; path = ViewController.swift; sourceTree = "<group>"; };
		83203D7D24F2820600F8CBC0 /* Assets.xcassets */ = {isa = PBXFileReference; lastKnownFileType = folder.assetcatalog; path = Assets.xcassets; sourceTree = "<group>"; };
		83203D8024F2820600F8CBC0 /* Base */ = {isa = PBXFileReference; lastKnownFileType = file.storyboard; name = Base; path = Base.lproj/Main.storyboard; sourceTree = "<group>"; };
		83203D8224F2820600F8CBC0 /* Info.plist */ = {isa = PBXFileReference; lastKnownFileType = text.plist.xml; path = Info.plist; sourceTree = "<group>"; };
		83203D8324F2820600F8CBC0 /* QLSourceSyntaxGUITest.entitlements */ = {isa = PBXFileReference; lastKnownFileType = text.plist.entitlements; path = QLSourceSyntaxGUITest.entitlements; sourceTree = "<group>"; };
		833C295C236028B000B14757 /* LICENSE.txt */ = {isa = PBXFileReference; lastKnownFileType = text; path = LICENSE.txt; sourceTree = "<group>"; };
		833E57462452FA5800D72715 /* PreviewView.xib */ = {isa = PBXFileReference; lastKnownFileType = file.xib; path = PreviewView.xib; sourceTree = "<group>"; };
		833E57482452FAE500D72715 /* PreviewView.swift */ = {isa = PBXFileReference; lastKnownFileType = sourcecode.swift; path = PreviewView.swift; sourceTree = "<group>"; };
		83408DDD23804A0600128B0C /* examples */ = {isa = PBXFileReference; lastKnownFileType = folder; path = examples; sourceTree = "<group>"; };
		83408DDF2380505000128B0C /* CSSControlView.swift */ = {isa = PBXFileReference; lastKnownFileType = sourcecode.swift; path = CSSControlView.swift; sourceTree = "<group>"; };
		83592345235599F6001506B6 /* Syntax Highlight.app */ = {isa = PBXFileReference; explicitFileType = wrapper.application; includeInIndex = 0; path = "Syntax Highlight.app"; sourceTree = BUILT_PRODUCTS_DIR; };
		83592348235599F6001506B6 /* AppDelegate.swift */ = {isa = PBXFileReference; lastKnownFileType = sourcecode.swift; path = AppDelegate.swift; sourceTree = "<group>"; };
		8359234C235599F9001506B6 /* Assets.xcassets */ = {isa = PBXFileReference; lastKnownFileType = folder.assetcatalog; path = Assets.xcassets; sourceTree = "<group>"; };
		8359234F235599F9001506B6 /* Base */ = {isa = PBXFileReference; lastKnownFileType = file.storyboard; name = Base; path = Base.lproj/Main.storyboard; sourceTree = "<group>"; };
		83592351235599F9001506B6 /* Info.plist */ = {isa = PBXFileReference; lastKnownFileType = text.plist.xml; path = Info.plist; sourceTree = "<group>"; };
		83592352235599F9001506B6 /* SCSHApp.entitlements */ = {isa = PBXFileReference; lastKnownFileType = text.plist.entitlements; path = SCSHApp.entitlements; sourceTree = "<group>"; };
		8359235C23559A2B001506B6 /* Syntax Highlight Quicklook Extension.appex */ = {isa = PBXFileReference; explicitFileType = "wrapper.app-extension"; includeInIndex = 0; path = "Syntax Highlight Quicklook Extension.appex"; sourceTree = BUILT_PRODUCTS_DIR; };
		8359235E23559A2B001506B6 /* Quartz.framework */ = {isa = PBXFileReference; lastKnownFileType = wrapper.framework; name = Quartz.framework; path = System/Library/Frameworks/Quartz.framework; sourceTree = SDKROOT; };
		8359236123559A2B001506B6 /* PreviewViewController.swift */ = {isa = PBXFileReference; lastKnownFileType = sourcecode.swift; path = PreviewViewController.swift; sourceTree = "<group>"; };
		8359236423559A2B001506B6 /* Base */ = {isa = PBXFileReference; lastKnownFileType = file.xib; name = Base; path = Base.lproj/PreviewViewController.xib; sourceTree = "<group>"; };
		8359236623559A2B001506B6 /* Info.plist */ = {isa = PBXFileReference; lastKnownFileType = text.plist.xml; path = Info.plist; sourceTree = "<group>"; };
		8359236723559A2B001506B6 /* QLExtension.entitlements */ = {isa = PBXFileReference; lastKnownFileType = text.plist.entitlements; path = QLExtension.entitlements; sourceTree = "<group>"; };
		8359236F2355B19F001506B6 /* colorize.sh */ = {isa = PBXFileReference; lastKnownFileType = text.script.sh; path = colorize.sh; sourceTree = "<group>"; };
		8359237523563A81001506B6 /* WebKit.framework */ = {isa = PBXFileReference; lastKnownFileType = wrapper.framework; name = WebKit.framework; path = System/Library/Frameworks/WebKit.framework; sourceTree = SDKROOT; };
		8359237B23563BDF001506B6 /* Syntax Highlight XPC Service.xpc */ = {isa = PBXFileReference; explicitFileType = "wrapper.xpc-service"; includeInIndex = 0; path = "Syntax Highlight XPC Service.xpc"; sourceTree = BUILT_PRODUCTS_DIR; };
		8359237D23563BDF001506B6 /* SCSHXPCServiceProtocol.swift */ = {isa = PBXFileReference; explicitFileType = sourcecode.swift; path = SCSHXPCServiceProtocol.swift; sourceTree = "<group>"; };
		8359237E23563BDF001506B6 /* SCSHXPCService.swift */ = {isa = PBXFileReference; lastKnownFileType = sourcecode.swift; path = SCSHXPCService.swift; sourceTree = "<group>"; };
		8359237F23563BDF001506B6 /* SCSHXPCServiceDelegate.swift */ = {isa = PBXFileReference; lastKnownFileType = sourcecode.swift; path = SCSHXPCServiceDelegate.swift; sourceTree = "<group>"; };
		8359238123563BDF001506B6 /* main.swift */ = {isa = PBXFileReference; lastKnownFileType = sourcecode.swift; path = main.swift; sourceTree = "<group>"; };
		8359238323563BDF001506B6 /* Info.plist */ = {isa = PBXFileReference; lastKnownFileType = text.plist.xml; path = Info.plist; sourceTree = "<group>"; };
		8359238B23563C1E001506B6 /* XPCServiceRelease.entitlements */ = {isa = PBXFileReference; lastKnownFileType = text.plist.entitlements; path = XPCServiceRelease.entitlements; sourceTree = "<group>"; };
		8359239A23565890001506B6 /* Foundation.framework */ = {isa = PBXFileReference; lastKnownFileType = wrapper.framework; name = Foundation.framework; path = System/Library/Frameworks/Foundation.framework; sourceTree = SDKROOT; };
		8359239C23570C52001506B6 /* SCSHError.swift */ = {isa = PBXFileReference; lastKnownFileType = sourcecode.swift; path = SCSHError.swift; sourceTree = "<group>"; };
		835923BE23571FB7001506B6 /* Document.swift */ = {isa = PBXFileReference; lastKnownFileType = sourcecode.swift; path = Document.swift; sourceTree = "<group>"; };
		835923E9235A022C001506B6 /* NSColor+ext.swift */ = {isa = PBXFileReference; lastKnownFileType = sourcecode.swift; path = "NSColor+ext.swift"; sourceTree = "<group>"; };
		835923EB235A3A85001506B6 /* SCSHTheme.swift */ = {isa = PBXFileReference; lastKnownFileType = sourcecode.swift; path = SCSHTheme.swift; sourceTree = "<group>"; };
		835923ED235A5D33001506B6 /* SCSHSettings.swift */ = {isa = PBXFileReference; lastKnownFileType = sourcecode.swift; path = SCSHSettings.swift; sourceTree = "<group>"; };
		836C4C7F2454DE78005F0B3A /* AppearanceView.xib */ = {isa = PBXFileReference; lastKnownFileType = file.xib; path = AppearanceView.xib; sourceTree = "<group>"; };
		836C4C852454DF41005F0B3A /* AppearanceView.swift */ = {isa = PBXFileReference; lastKnownFileType = sourcecode.swift; path = AppearanceView.swift; sourceTree = "<group>"; };
		836D01DF2385214D00B85545 /* CHANGELOG.txt */ = {isa = PBXFileReference; lastKnownFileType = text; path = CHANGELOG.txt; sourceTree = "<group>"; };
		836D01E32386C7CD00B85545 /* File+Ext.swift */ = {isa = PBXFileReference; lastKnownFileType = sourcecode.swift; path = "File+Ext.swift"; sourceTree = "<group>"; };
		836D01E52386DE4E00B85545 /* String+ext.swift */ = {isa = PBXFileReference; lastKnownFileType = sourcecode.swift; path = "String+ext.swift"; sourceTree = "<group>"; };
		837CFC8A2372EF5E00641AE4 /* VerticallyCenteredTextFieldCell.swift */ = {isa = PBXFileReference; lastKnownFileType = sourcecode.swift; path = VerticallyCenteredTextFieldCell.swift; sourceTree = "<group>"; };
		837DFC212375FE1E00920E72 /* PreferencesViewController.swift */ = {isa = PBXFileReference; lastKnownFileType = sourcecode.swift; path = PreferencesViewController.swift; sourceTree = "<group>"; };
		837F088523802A8000D3893B /* SyntaxHighlight.help */ = {isa = PBXFileReference; lastKnownFileType = folder; path = SyntaxHighlight.help; sourceTree = "<group>"; };
		838048F4245F71D0007AA350 /* settings_global.png */ = {isa = PBXFileReference; lastKnownFileType = image.png; path = settings_global.png; sourceTree = "<group>"; };
		838048FA245F72C7007AA350 /* settings_appearance.png */ = {isa = PBXFileReference; lastKnownFileType = image.png; path = settings_appearance.png; sourceTree = "<group>"; };
		838048FC245F7427007AA350 /* settings_extra.png */ = {isa = PBXFileReference; lastKnownFileType = image.png; path = settings_extra.png; sourceTree = "<group>"; };
		838B78B0238292FD00619951 /* inquiry.png */ = {isa = PBXFileReference; lastKnownFileType = image.png; path = inquiry.png; sourceTree = "<group>"; };
		838F465A238D813500268B4A /* Syntax Highlight XPC Render.xpc */ = {isa = PBXFileReference; explicitFileType = "wrapper.xpc-service"; includeInIndex = 0; path = "Syntax Highlight XPC Render.xpc"; sourceTree = BUILT_PRODUCTS_DIR; };
		838F465C238D813500268B4A /* XPCLightRenderServiceProtocol.swift */ = {isa = PBXFileReference; lastKnownFileType = sourcecode.swift; path = XPCLightRenderServiceProtocol.swift; sourceTree = "<group>"; };
		838F465D238D813500268B4A /* XPCLightRenderService.swift */ = {isa = PBXFileReference; lastKnownFileType = sourcecode.swift; path = XPCLightRenderService.swift; sourceTree = "<group>"; };
		838F465E238D813500268B4A /* XPCLightRenderServiceDelegate.swift */ = {isa = PBXFileReference; lastKnownFileType = sourcecode.swift; path = XPCLightRenderServiceDelegate.swift; sourceTree = "<group>"; };
		838F4660238D813500268B4A /* main.swift */ = {isa = PBXFileReference; lastKnownFileType = sourcecode.swift; path = main.swift; sourceTree = "<group>"; };
		838F4662238D813500268B4A /* Info.plist */ = {isa = PBXFileReference; lastKnownFileType = text.plist.xml; path = Info.plist; sourceTree = "<group>"; };
		839098C32379E34A005D3E7C /* String+GShell.swift */ = {isa = PBXFileReference; lastKnownFileType = sourcecode.swift; path = "String+GShell.swift"; sourceTree = "<group>"; };
		8390B18A23815B6500EA028A /* ThemeSelectorViewController.swift */ = {isa = PBXFileReference; lastKnownFileType = sourcecode.swift; path = ThemeSelectorViewController.swift; sourceTree = "<group>"; };
		8390B19023815FF200EA028A /* ThemeCollectionViewItem.xib */ = {isa = PBXFileReference; lastKnownFileType = file.xib; path = ThemeCollectionViewItem.xib; sourceTree = "<group>"; };
		83A0691023672FD100C795D6 /* style.css */ = {isa = PBXFileReference; lastKnownFileType = text.css; path = style.css; sourceTree = "<group>"; };
		83A1C600245C1CEA0045C2AC /* standard_settings.plist */ = {isa = PBXFileReference; lastKnownFileType = text.plist.xml; path = standard_settings.plist; sourceTree = "<group>"; };
		83A1C606245C28060045C2AC /* UTITableCellView.swift */ = {isa = PBXFileReference; lastKnownFileType = sourcecode.swift; path = UTITableCellView.swift; sourceTree = "<group>"; };
		83A1C608245C441E0045C2AC /* ThemeCollectionViewItem.swift */ = {isa = PBXFileReference; lastKnownFileType = sourcecode.swift; path = ThemeCollectionViewItem.swift; sourceTree = "<group>"; };
		83BB33B9247198770022E236 /* inquiry_add_format.png */ = {isa = PBXFileReference; lastKnownFileType = image.png; path = inquiry_add_format.png; sourceTree = "<group>"; };
		83C09FDA2365B9360062BF39 /* highlight */ = {isa = PBXFileReference; lastKnownFileType = folder; path = highlight; sourceTree = "<group>"; };
		83C981F0238AA33C00718132 /* InfoHighlightController.swift */ = {isa = PBXFileReference; lastKnownFileType = sourcecode.swift; path = InfoHighlightController.swift; sourceTree = "<group>"; };
		83C981F2238B04BC00718132 /* custom_css.png */ = {isa = PBXFileReference; lastKnownFileType = image.png; path = custom_css.png; sourceTree = "<group>"; };
		83C981F4238B0C6100718132 /* theme_editor.png */ = {isa = PBXFileReference; lastKnownFileType = image.png; path = theme_editor.png; sourceTree = "<group>"; };
		83CE519A251C82D7004950F4 /* UTIInfoView.xib */ = {isa = PBXFileReference; lastKnownFileType = file.xib; path = UTIInfoView.xib; sourceTree = "<group>"; };
		83CE51A2251C82E1004950F4 /* UTIInfoView.swift */ = {isa = PBXFileReference; lastKnownFileType = sourcecode.swift; path = UTIInfoView.swift; sourceTree = "<group>"; };
		83D499972382F9BF001686CF /* ThemesViewController.swift */ = {isa = PBXFileReference; lastKnownFileType = sourcecode.swift; path = ThemesViewController.swift; sourceTree = "<group>"; };
		83DF2E2624576190007DFF76 /* ExtraSettingsView.xib */ = {isa = PBXFileReference; lastKnownFileType = file.xib; path = ExtraSettingsView.xib; sourceTree = "<group>"; };
		83DF2E2C245761EC007DFF76 /* ExtraSettingsView.swift */ = {isa = PBXFileReference; lastKnownFileType = sourcecode.swift; path = ExtraSettingsView.swift; sourceTree = "<group>"; };
		83DF2E3524597EAE007DFF76 /* defaults */ = {isa = PBXFileReference; lastKnownFileType = folder; path = defaults; sourceTree = "<group>"; };
		83EC8F602461CF1D00F71315 /* GlobalSettingsView.xib */ = {isa = PBXFileReference; lastKnownFileType = file.xib; path = GlobalSettingsView.xib; sourceTree = "<group>"; };
		83EC8F622461CF3E00F71315 /* GlobalSettingsView.swift */ = {isa = PBXFileReference; lastKnownFileType = sourcecode.swift; path = GlobalSettingsView.swift; sourceTree = "<group>"; };
		83FD6ED0246B061600F5BDF3 /* relaunch */ = {isa = PBXFileReference; explicitFileType = "compiled.mach-o.executable"; includeInIndex = 0; path = relaunch; sourceTree = BUILT_PRODUCTS_DIR; };
		83FD6ED2246B061600F5BDF3 /* main.swift */ = {isa = PBXFileReference; lastKnownFileType = sourcecode.swift; path = main.swift; sourceTree = "<group>"; };
		83FD6EED246C71C600F5BDF3 /* Syntax Highlight XPC Render.entitlements */ = {isa = PBXFileReference; lastKnownFileType = text.plist.entitlements; path = "Syntax Highlight XPC Render.entitlements"; sourceTree = "<group>"; };
/* End PBXFileReference section */

/* Begin PBXFrameworksBuildPhase section */
		83203D7424F2820300F8CBC0 /* Frameworks */ = {
			isa = PBXFrameworksBuildPhase;
			buildActionMask = 2147483647;
			files = (
				83203D8D24F288D200F8CBC0 /* WebKit.framework in Frameworks */,
			);
			runOnlyForDeploymentPostprocessing = 0;
		};
		83592342235599F6001506B6 /* Frameworks */ = {
			isa = PBXFrameworksBuildPhase;
			buildActionMask = 2147483647;
			files = (
				8359239B23565890001506B6 /* Foundation.framework in Frameworks */,
				8359239923565889001506B6 /* WebKit.framework in Frameworks */,
			);
			runOnlyForDeploymentPostprocessing = 0;
		};
		8359235923559A2B001506B6 /* Frameworks */ = {
			isa = PBXFrameworksBuildPhase;
			buildActionMask = 2147483647;
			files = (
				8359237623563A81001506B6 /* WebKit.framework in Frameworks */,
				8359235F23559A2B001506B6 /* Quartz.framework in Frameworks */,
			);
			runOnlyForDeploymentPostprocessing = 0;
		};
		8359237823563BDF001506B6 /* Frameworks */ = {
			isa = PBXFrameworksBuildPhase;
			buildActionMask = 2147483647;
			files = (
				83088A7F236CBBB20092180E /* libLua.dylib in Frameworks */,
			);
			runOnlyForDeploymentPostprocessing = 0;
		};
		838F4657238D813500268B4A /* Frameworks */ = {
			isa = PBXFrameworksBuildPhase;
			buildActionMask = 2147483647;
			files = (
			);
			runOnlyForDeploymentPostprocessing = 0;
		};
		83FD6ECD246B061600F5BDF3 /* Frameworks */ = {
			isa = PBXFrameworksBuildPhase;
			buildActionMask = 2147483647;
			files = (
			);
			runOnlyForDeploymentPostprocessing = 0;
		};
/* End PBXFrameworksBuildPhase section */

/* Begin PBXGroup section */
		83088A63236CB19A0092180E /* Products */ = {
			isa = PBXGroup;
			children = (
				83088A6A236CB19A0092180E /* LuaSource.framework */,
				83088A6C236CB19A0092180E /* Lua.framework */,
				83088A6E236CB19A0092180E /* libLua.dylib */,
				83088A70236CB19A0092180E /* Lua Tests.xctest */,
			);
			name = Products;
			sourceTree = "<group>";
		};
		83203D7824F2820300F8CBC0 /* QLSourceSyntaxGUITest */ = {
			isa = PBXGroup;
			children = (
				835923BE23571FB7001506B6 /* Document.swift */,
				83203D7924F2820300F8CBC0 /* AppDelegate.swift */,
				83203D7B24F2820400F8CBC0 /* ViewController.swift */,
				83203D7D24F2820600F8CBC0 /* Assets.xcassets */,
				83203D7F24F2820600F8CBC0 /* Main.storyboard */,
				83203D8224F2820600F8CBC0 /* Info.plist */,
				83203D8324F2820600F8CBC0 /* QLSourceSyntaxGUITest.entitlements */,
			);
			path = QLSourceSyntaxGUITest;
			sourceTree = "<group>";
		};
		8359233C235599F6001506B6 = {
			isa = PBXGroup;
			children = (
				83FD6EED246C71C600F5BDF3 /* Syntax Highlight XPC Render.entitlements */,
				83088A62236CB19A0092180E /* Lua.xcodeproj */,
				8311D9A3235CDAA1006DC138 /* README.md */,
				836D01DF2385214D00B85545 /* CHANGELOG.txt */,
				833C295C236028B000B14757 /* LICENSE.txt */,
				8311D9A6235CE0A8006DC138 /* settings.png */,
				838048F4245F71D0007AA350 /* settings_global.png */,
				838048FA245F72C7007AA350 /* settings_appearance.png */,
				838048FC245F7427007AA350 /* settings_extra.png */,
				830D155B23797D8000D5535C /* settings_specific_warn.png */,
				8311D9A8235CE6D7006DC138 /* extensions.png */,
				83C981F2238B04BC00718132 /* custom_css.png */,
				83C981F4238B0C6100718132 /* theme_editor.png */,
				83BB33B9247198770022E236 /* inquiry_add_format.png */,
				838B78B0238292FD00619951 /* inquiry.png */,
				8304B0B4238E8B21007A455C /* about_highlight.png */,
				83088A82236CC0330092180E /* .gitignore */,
				83592347235599F6001506B6 /* Application */,
				8359236023559A2B001506B6 /* QLExtension */,
				8359237C23563BDF001506B6 /* XPCService */,
				838F465B238D813500268B4A /* SyntaxHighlightRenderXPC */,
				83FD6ED1246B061600F5BDF3 /* relaunch */,
				83203D7824F2820300F8CBC0 /* QLSourceSyntaxGUITest */,
				8359235D23559A2B001506B6 /* Frameworks */,
				83592346235599F6001506B6 /* Products */,
			);
			sourceTree = "<group>";
		};
		83592346235599F6001506B6 /* Products */ = {
			isa = PBXGroup;
			children = (
				83592345235599F6001506B6 /* Syntax Highlight.app */,
				8359235C23559A2B001506B6 /* Syntax Highlight Quicklook Extension.appex */,
				8359237B23563BDF001506B6 /* Syntax Highlight XPC Service.xpc */,
				838F465A238D813500268B4A /* Syntax Highlight XPC Render.xpc */,
				83FD6ED0246B061600F5BDF3 /* relaunch */,
				83203D7724F2820300F8CBC0 /* QLSourceSyntaxGUITest.app */,
			);
			name = Products;
			sourceTree = "<group>";
		};
		83592347235599F6001506B6 /* Application */ = {
			isa = PBXGroup;
			children = (
				83592351235599F9001506B6 /* Info.plist */,
				83592352235599F9001506B6 /* SCSHApp.entitlements */,
				83592348235599F6001506B6 /* AppDelegate.swift */,
				837CFC962373FB7700641AE4 /* Preferences */,
				83D499922382F9A9001686CF /* Themes */,
				8359234C235599F9001506B6 /* Assets.xcassets */,
				8359234E235599F9001506B6 /* Main.storyboard */,
				8311D9C6235DE6D7006DC138 /* Data+Ext.swift */,
				836D01E52386DE4E00B85545 /* String+ext.swift */,
				831D5F5A237F1E87007340E7 /* UTI.swift */,
				835923E9235A022C001506B6 /* NSColor+ext.swift */,
				837CFC8A2372EF5E00641AE4 /* VerticallyCenteredTextFieldCell.swift */,
				83408DDD23804A0600128B0C /* examples */,
				837F088523802A8000D3893B /* SyntaxHighlight.help */,
			);
			path = Application;
			sourceTree = "<group>";
		};
		8359235D23559A2B001506B6 /* Frameworks */ = {
			isa = PBXGroup;
			children = (
				8359239A23565890001506B6 /* Foundation.framework */,
				8359237523563A81001506B6 /* WebKit.framework */,
				8359235E23559A2B001506B6 /* Quartz.framework */,
			);
			name = Frameworks;
			sourceTree = "<group>";
		};
		8359236023559A2B001506B6 /* QLExtension */ = {
			isa = PBXGroup;
			children = (
				8359236623559A2B001506B6 /* Info.plist */,
				8359236323559A2B001506B6 /* PreviewViewController.xib */,
				8359236123559A2B001506B6 /* PreviewViewController.swift */,
				8359236723559A2B001506B6 /* QLExtension.entitlements */,
			);
			path = QLExtension;
			sourceTree = "<group>";
		};
		8359237C23563BDF001506B6 /* XPCService */ = {
			isa = PBXGroup;
			children = (
				8359238323563BDF001506B6 /* Info.plist */,
				839098C32379E34A005D3E7C /* String+GShell.swift */,
				836D01E32386C7CD00B85545 /* File+Ext.swift */,
				8359238B23563C1E001506B6 /* XPCServiceRelease.entitlements */,
				8304B0B6238FA897007A455C /* TaskResult.swift */,
				835923EB235A3A85001506B6 /* SCSHTheme.swift */,
				830D154C23780A4200D5535C /* SCSHTheme+Lua.swift */,
				8359239C23570C52001506B6 /* SCSHError.swift */,
				8304B0AF238DBCA8007A455C /* SCSHBaseSettings.swift */,
				835923ED235A5D33001506B6 /* SCSHSettings.swift */,
				8304B0BB238FBCC4007A455C /* SCSHBaseXPCService.swift */,
				8359237E23563BDF001506B6 /* SCSHXPCService.swift */,
				8359237D23563BDF001506B6 /* SCSHXPCServiceProtocol.swift */,
				8359237F23563BDF001506B6 /* SCSHXPCServiceDelegate.swift */,
				8359238123563BDF001506B6 /* main.swift */,
				83729D19236180B3002F400C /* resources */,
			);
			path = XPCService;
			sourceTree = "<group>";
		};
		83729D19236180B3002F400C /* resources */ = {
			isa = PBXGroup;
			children = (
				83DF2E3524597EAE007DFF76 /* defaults */,
				83C09FDA2365B9360062BF39 /* highlight */,
				8359236F2355B19F001506B6 /* colorize.sh */,
				83A0691023672FD100C795D6 /* style.css */,
				83A1C600245C1CEA0045C2AC /* standard_settings.plist */,
			);
			name = resources;
			sourceTree = "<group>";
		};
		837CFC962373FB7700641AE4 /* Preferences */ = {
			isa = PBXGroup;
			children = (
				837DFC212375FE1E00920E72 /* PreferencesViewController.swift */,
				830D1558237961C900D5535C /* WarningUTIViewController.swift */,
				831D5F54237F0CF1007340E7 /* CustomTypeViewController.swift */,
				83408DDF2380505000128B0C /* CSSControlView.swift */,
				83C981F0238AA33C00718132 /* InfoHighlightController.swift */,
				83EC8F622461CF3E00F71315 /* GlobalSettingsView.swift */,
				83EC8F602461CF1D00F71315 /* GlobalSettingsView.xib */,
				836C4C852454DF41005F0B3A /* AppearanceView.swift */,
				836C4C7F2454DE78005F0B3A /* AppearanceView.xib */,
				83DF2E2C245761EC007DFF76 /* ExtraSettingsView.swift */,
				83DF2E2624576190007DFF76 /* ExtraSettingsView.xib */,
				833E57482452FAE500D72715 /* PreviewView.swift */,
				833E57462452FA5800D72715 /* PreviewView.xib */,
				83A1C606245C28060045C2AC /* UTITableCellView.swift */,
				83CE519A251C82D7004950F4 /* UTIInfoView.xib */,
				83CE51A2251C82E1004950F4 /* UTIInfoView.swift */,
			);
			name = Preferences;
			sourceTree = "<group>";
		};
		838F465B238D813500268B4A /* SyntaxHighlightRenderXPC */ = {
			isa = PBXGroup;
			children = (
				838F465D238D813500268B4A /* XPCLightRenderService.swift */,
				838F465C238D813500268B4A /* XPCLightRenderServiceProtocol.swift */,
				838F465E238D813500268B4A /* XPCLightRenderServiceDelegate.swift */,
				838F4660238D813500268B4A /* main.swift */,
				838F4662238D813500268B4A /* Info.plist */,
			);
			path = SyntaxHighlightRenderXPC;
			sourceTree = "<group>";
		};
		83D499922382F9A9001686CF /* Themes */ = {
			isa = PBXGroup;
			children = (
				83A1C608245C441E0045C2AC /* ThemeCollectionViewItem.swift */,
				8390B19023815FF200EA028A /* ThemeCollectionViewItem.xib */,
				8390B18A23815B6500EA028A /* ThemeSelectorViewController.swift */,
				83D499972382F9BF001686CF /* ThemesViewController.swift */,
			);
			name = Themes;
			sourceTree = "<group>";
		};
		83FD6ED1246B061600F5BDF3 /* relaunch */ = {
			isa = PBXGroup;
			children = (
				83FD6ED2246B061600F5BDF3 /* main.swift */,
			);
			path = relaunch;
			sourceTree = "<group>";
		};
/* End PBXGroup section */

/* Begin PBXNativeTarget section */
		83203D7624F2820300F8CBC0 /* QLSourceSyntaxGUITest */ = {
			isa = PBXNativeTarget;
			buildConfigurationList = 83203D8A24F2820600F8CBC0 /* Build configuration list for PBXNativeTarget "QLSourceSyntaxGUITest" */;
			buildPhases = (
				83203D7324F2820300F8CBC0 /* Sources */,
				83203D7424F2820300F8CBC0 /* Frameworks */,
				83203D7524F2820300F8CBC0 /* Resources */,
				83203D9124F288D800F8CBC0 /* Embed XPC Services */,
			);
			buildRules = (
			);
			dependencies = (
				83203D9024F288D800F8CBC0 /* PBXTargetDependency */,
			);
			name = QLSourceSyntaxGUITest;
			productName = QLSourceSyntaxGUITest;
			productReference = 83203D7724F2820300F8CBC0 /* QLSourceSyntaxGUITest.app */;
			productType = "com.apple.product-type.application";
		};
		83592344235599F6001506B6 /* Syntax Highlight */ = {
			isa = PBXNativeTarget;
			buildConfigurationList = 83592355235599F9001506B6 /* Build configuration list for PBXNativeTarget "Syntax Highlight" */;
			buildPhases = (
				83408DE12380547200128B0C /* Indexing help */,
				83592341235599F6001506B6 /* Sources */,
				83592342235599F6001506B6 /* Frameworks */,
				83592343235599F6001506B6 /* Resources */,
				8359236E23559A2B001506B6 /* Embed App Extensions */,
				8359238A23563BDF001506B6 /* Embed XPC Services */,
				838F164E2380B01200A13F0F /* Copy Image help */,
				83DF2E31245891E2007DFF76 /* CopyFiles */,
			);
			buildRules = (
			);
			dependencies = (
				8359236923559A2B001506B6 /* PBXTargetDependency */,
				8359238523563BDF001506B6 /* PBXTargetDependency */,
				838F4664238D813500268B4A /* PBXTargetDependency */,
			);
			name = "Syntax Highlight";
			productName = QLExt;
			productReference = 83592345235599F6001506B6 /* Syntax Highlight.app */;
			productType = "com.apple.product-type.application";
		};
		8359235B23559A2B001506B6 /* Syntax Highlight Quicklook Extension */ = {
			isa = PBXNativeTarget;
			buildConfigurationList = 8359236B23559A2B001506B6 /* Build configuration list for PBXNativeTarget "Syntax Highlight Quicklook Extension" */;
			buildPhases = (
				8359235823559A2B001506B6 /* Sources */,
				8359235923559A2B001506B6 /* Frameworks */,
				8359235A23559A2B001506B6 /* Resources */,
				839098D72379FA60005D3E7C /* CopyFiles */,
			);
			buildRules = (
			);
			dependencies = (
			);
			name = "Syntax Highlight Quicklook Extension";
			productName = QLExtension;
			productReference = 8359235C23559A2B001506B6 /* Syntax Highlight Quicklook Extension.appex */;
			productType = "com.apple.product-type.app-extension";
		};
		8359237A23563BDF001506B6 /* Syntax Highlight XPC Service */ = {
			isa = PBXNativeTarget;
			buildConfigurationList = 8359238723563BDF001506B6 /* Build configuration list for PBXNativeTarget "Syntax Highlight XPC Service" */;
			buildPhases = (
				8359237723563BDF001506B6 /* Sources */,
				8359237823563BDF001506B6 /* Frameworks */,
				8359237923563BDF001506B6 /* Resources */,
			);
			buildRules = (
			);
			dependencies = (
			);
			name = "Syntax Highlight XPC Service";
			productName = XPCService;
			productReference = 8359237B23563BDF001506B6 /* Syntax Highlight XPC Service.xpc */;
			productType = "com.apple.product-type.xpc-service";
		};
		838F4659238D813500268B4A /* Syntax Highlight XPC Render */ = {
			isa = PBXNativeTarget;
			buildConfigurationList = 838F4666238D813500268B4A /* Build configuration list for PBXNativeTarget "Syntax Highlight XPC Render" */;
			buildPhases = (
				838F4656238D813500268B4A /* Sources */,
				838F4657238D813500268B4A /* Frameworks */,
				838F4658238D813500268B4A /* Resources */,
			);
			buildRules = (
			);
			dependencies = (
			);
			name = "Syntax Highlight XPC Render";
			productName = SyntaxHighlightRenderXPC;
			productReference = 838F465A238D813500268B4A /* Syntax Highlight XPC Render.xpc */;
			productType = "com.apple.product-type.xpc-service";
		};
		83FD6ECF246B061600F5BDF3 /* relaunch */ = {
			isa = PBXNativeTarget;
			buildConfigurationList = 83FD6EDA246B061600F5BDF3 /* Build configuration list for PBXNativeTarget "relaunch" */;
			buildPhases = (
				83FD6ECC246B061600F5BDF3 /* Sources */,
				83FD6ECD246B061600F5BDF3 /* Frameworks */,
				83FD6ECE246B061600F5BDF3 /* CopyFiles */,
			);
			buildRules = (
			);
			dependencies = (
			);
			name = relaunch;
			productName = relaunch;
			productReference = 83FD6ED0246B061600F5BDF3 /* relaunch */;
			productType = "com.apple.product-type.tool";
		};
/* End PBXNativeTarget section */

/* Begin PBXProject section */
		8359233D235599F6001506B6 /* Project object */ = {
			isa = PBXProject;
			attributes = {
				LastSwiftUpdateCheck = 1160;
				LastUpgradeCheck = 1170;
				ORGANIZATIONNAME = sbarex;
				TargetAttributes = {
					83203D7624F2820300F8CBC0 = {
						CreatedOnToolsVersion = 11.6;
					};
					83592344235599F6001506B6 = {
						CreatedOnToolsVersion = 11.0;
					};
					8359235B23559A2B001506B6 = {
						CreatedOnToolsVersion = 11.0;
					};
					8359237A23563BDF001506B6 = {
						CreatedOnToolsVersion = 11.0;
					};
					838F4659238D813500268B4A = {
						CreatedOnToolsVersion = 11.2.1;
					};
					83FD6ECF246B061600F5BDF3 = {
						CreatedOnToolsVersion = 11.4.1;
					};
				};
			};
			buildConfigurationList = 83592340235599F6001506B6 /* Build configuration list for PBXProject "SourceCodeSyntaxHighlight" */;
			compatibilityVersion = "Xcode 9.3";
			developmentRegion = en;
			hasScannedForEncodings = 0;
			knownRegions = (
				en,
				Base,
			);
			mainGroup = 8359233C235599F6001506B6;
			productRefGroup = 83592346235599F6001506B6 /* Products */;
			projectDirPath = "";
			projectReferences = (
				{
					ProductGroup = 83088A63236CB19A0092180E /* Products */;
					ProjectRef = 83088A62236CB19A0092180E /* Lua.xcodeproj */;
				},
			);
			projectRoot = "";
			targets = (
				83592344235599F6001506B6 /* Syntax Highlight */,
				8359235B23559A2B001506B6 /* Syntax Highlight Quicklook Extension */,
				8359237A23563BDF001506B6 /* Syntax Highlight XPC Service */,
				838F4659238D813500268B4A /* Syntax Highlight XPC Render */,
				83FD6ECF246B061600F5BDF3 /* relaunch */,
				83203D7624F2820300F8CBC0 /* QLSourceSyntaxGUITest */,
			);
		};
/* End PBXProject section */

/* Begin PBXReferenceProxy section */
		83088A6A236CB19A0092180E /* LuaSource.framework */ = {
			isa = PBXReferenceProxy;
			fileType = wrapper.framework;
			path = LuaSource.framework;
			remoteRef = 83088A69236CB19A0092180E /* PBXContainerItemProxy */;
			sourceTree = BUILT_PRODUCTS_DIR;
		};
		83088A6C236CB19A0092180E /* Lua.framework */ = {
			isa = PBXReferenceProxy;
			fileType = wrapper.framework;
			path = Lua.framework;
			remoteRef = 83088A6B236CB19A0092180E /* PBXContainerItemProxy */;
			sourceTree = BUILT_PRODUCTS_DIR;
		};
		83088A6E236CB19A0092180E /* libLua.dylib */ = {
			isa = PBXReferenceProxy;
			fileType = "compiled.mach-o.dylib";
			path = libLua.dylib;
			remoteRef = 83088A6D236CB19A0092180E /* PBXContainerItemProxy */;
			sourceTree = BUILT_PRODUCTS_DIR;
		};
		83088A70236CB19A0092180E /* Lua Tests.xctest */ = {
			isa = PBXReferenceProxy;
			fileType = wrapper.cfbundle;
			path = "Lua Tests.xctest";
			remoteRef = 83088A6F236CB19A0092180E /* PBXContainerItemProxy */;
			sourceTree = BUILT_PRODUCTS_DIR;
		};
/* End PBXReferenceProxy section */

/* Begin PBXResourcesBuildPhase section */
		83203D7524F2820300F8CBC0 /* Resources */ = {
			isa = PBXResourcesBuildPhase;
			buildActionMask = 2147483647;
			files = (
				83203D7E24F2820600F8CBC0 /* Assets.xcassets in Resources */,
				83203D8124F2820600F8CBC0 /* Main.storyboard in Resources */,
			);
			runOnlyForDeploymentPostprocessing = 0;
		};
		83592343235599F6001506B6 /* Resources */ = {
			isa = PBXResourcesBuildPhase;
			buildActionMask = 2147483647;
			files = (
				83DF2E2724576190007DFF76 /* ExtraSettingsView.xib in Resources */,
				83088A87236CC0330092180E /* .gitignore in Resources */,
				83A1C601245C1CEA0045C2AC /* standard_settings.plist in Resources */,
				8359234D235599F9001506B6 /* Assets.xcassets in Resources */,
				83A1C60A245C45980045C2AC /* ThemeCollectionViewItem.xib in Resources */,
				83BB33BA247198780022E236 /* inquiry_add_format.png in Resources */,
				836C4C802454DE78005F0B3A /* AppearanceView.xib in Resources */,
				83A0691123672FD100C795D6 /* style.css in Resources */,
				83EC8F612461CF1D00F71315 /* GlobalSettingsView.xib in Resources */,
				83592350235599F9001506B6 /* Main.storyboard in Resources */,
				83CE519B251C82D7004950F4 /* UTIInfoView.xib in Resources */,
				838048FD245F7427007AA350 /* settings_extra.png in Resources */,
				838048F9245F71D1007AA350 /* settings_global.png in Resources */,
				838048FB245F72C8007AA350 /* settings_appearance.png in Resources */,
				833E57472452FA5800D72715 /* PreviewView.xib in Resources */,
				83408DDE23804A0700128B0C /* examples in Resources */,
				837F088623802A8000D3893B /* SyntaxHighlight.help in Resources */,
			);
			runOnlyForDeploymentPostprocessing = 0;
		};
		8359235A23559A2B001506B6 /* Resources */ = {
			isa = PBXResourcesBuildPhase;
			buildActionMask = 2147483647;
			files = (
				8359236523559A2B001506B6 /* PreviewViewController.xib in Resources */,
			);
			runOnlyForDeploymentPostprocessing = 0;
		};
		8359237923563BDF001506B6 /* Resources */ = {
			isa = PBXResourcesBuildPhase;
			buildActionMask = 2147483647;
			files = (
				8359239523564B56001506B6 /* colorize.sh in Resources */,
				83A06912236730D800C795D6 /* style.css in Resources */,
				83C09FDB2365B9360062BF39 /* highlight in Resources */,
				83DF2E3724597EB2007DFF76 /* defaults in Resources */,
			);
			runOnlyForDeploymentPostprocessing = 0;
		};
		838F4658238D813500268B4A /* Resources */ = {
			isa = PBXResourcesBuildPhase;
			buildActionMask = 2147483647;
			files = (
				83DF2E3824597EB8007DFF76 /* defaults in Resources */,
				8304B0C0238FFC1D007A455C /* colorize.sh in Resources */,
				8304B0BF238FFC1C007A455C /* highlight in Resources */,
				8304B0C1238FFC1F007A455C /* style.css in Resources */,
			);
			runOnlyForDeploymentPostprocessing = 0;
		};
/* End PBXResourcesBuildPhase section */

/* Begin PBXShellScriptBuildPhase section */
		83408DE12380547200128B0C /* Indexing help */ = {
			isa = PBXShellScriptBuildPhase;
			buildActionMask = 2147483647;
			files = (
			);
			inputFileListPaths = (
			);
			inputPaths = (
			);
			name = "Indexing help";
			outputFileListPaths = (
			);
			outputPaths = (
			);
			runOnlyForDeploymentPostprocessing = 0;
			shellPath = /bin/sh;
			shellScript = "# Type a script or drag a script file from your workspace to insert its path.\necho \"Indexing help…\"\nBASEDIR=${SRCROOT}/Application/SyntaxHighlight.help/Contents/Resources/ \ncd \"$BASEDIR\"\necho $BASEDIR\nfor f in *.lproj; do \n    echo \"Processing $f …\";\n    cd \"${BASEDIR}$f\"\n    echo `pwd`\n\n    hiutil -C --stopwords=en -v --anchors -I lsm -f \"search.helpindex\" .\n    hiutil -C --stopwords=en -v --anchors -I corespotlight -f \"search.cshelpindex\" .\n    hiutil -I corespotlight -T -v -f search.cshelpindex\n    hiutil -I corespotlight --list-anchors -v -f search.cshelpindex\n    # hiutil -I corespotlight --list-anchor-dictionary -v -f search.cshelpindex\n    cd \"$BASEDIR\"\ndone\n\n# echo \"Purge helpd cache…\"\n# hiutil --purge-caches\n# exit 0 # hiutil --purge-caches return a non zero exit code.\n";
		};
/* End PBXShellScriptBuildPhase section */

/* Begin PBXSourcesBuildPhase section */
		83203D7324F2820300F8CBC0 /* Sources */ = {
			isa = PBXSourcesBuildPhase;
			buildActionMask = 2147483647;
			files = (
				83203D9524F2891600F8CBC0 /* SCSHTheme.swift in Sources */,
				83203D9824F2895C00F8CBC0 /* Data+Ext.swift in Sources */,
				83203D9324F2890D00F8CBC0 /* SCSHBaseSettings.swift in Sources */,
				83203D9424F2891000F8CBC0 /* SCSHError.swift in Sources */,
				83203D7C24F2820400F8CBC0 /* ViewController.swift in Sources */,
				83203D7A24F2820300F8CBC0 /* AppDelegate.swift in Sources */,
				83203D8B24F2822100F8CBC0 /* Document.swift in Sources */,
				83203D9724F2895000F8CBC0 /* NSColor+ext.swift in Sources */,
				83203D9224F288F300F8CBC0 /* SCSHSettings.swift in Sources */,
				83203D9624F2893200F8CBC0 /* String+GShell.swift in Sources */,
			);
			runOnlyForDeploymentPostprocessing = 0;
		};
		83592341235599F6001506B6 /* Sources */ = {
			isa = PBXSourcesBuildPhase;
			buildActionMask = 2147483647;
			files = (
				83D499982382F9BF001686CF /* ThemesViewController.swift in Sources */,
				83A1C607245C28060045C2AC /* UTITableCellView.swift in Sources */,
				833E57492452FAE500D72715 /* PreviewView.swift in Sources */,
				837CFC8B2372EF5E00641AE4 /* VerticallyCenteredTextFieldCell.swift in Sources */,
				837DFC222375FE1E00920E72 /* PreferencesViewController.swift in Sources */,
				836D01E72386DE5300B85545 /* String+ext.swift in Sources */,
				836C4C862454DF41005F0B3A /* AppearanceView.swift in Sources */,
				830D15542378182800D5535C /* SCSHTheme.swift in Sources */,
				831D5F55237F0CF1007340E7 /* CustomTypeViewController.swift in Sources */,
				83DF2E2D245761EC007DFF76 /* ExtraSettingsView.swift in Sources */,
				839CA3A02460699B0048E249 /* String+GShell.swift in Sources */,
				83592349235599F6001506B6 /* AppDelegate.swift in Sources */,
				83EC8F632461CF3E00F71315 /* GlobalSettingsView.swift in Sources */,
				8304B0B0238DBCA8007A455C /* SCSHBaseSettings.swift in Sources */,
				8359239F23570C5C001506B6 /* SCSHError.swift in Sources */,
				830D1559237961C900D5535C /* WarningUTIViewController.swift in Sources */,
				831D5F5B237F1E87007340E7 /* UTI.swift in Sources */,
				835923F0235A5EBA001506B6 /* SCSHSettings.swift in Sources */,
				8390B18B23815B6500EA028A /* ThemeSelectorViewController.swift in Sources */,
				83CE51A3251C82E1004950F4 /* UTIInfoView.swift in Sources */,
				83A1C609245C441E0045C2AC /* ThemeCollectionViewItem.swift in Sources */,
				83C981F1238AA33C00718132 /* InfoHighlightController.swift in Sources */,
				835923EA235A022C001506B6 /* NSColor+ext.swift in Sources */,
				83408DE02380505000128B0C /* CSSControlView.swift in Sources */,
				8311D9C7235DE6D7006DC138 /* Data+Ext.swift in Sources */,
			);
			runOnlyForDeploymentPostprocessing = 0;
		};
		8359235823559A2B001506B6 /* Sources */ = {
			isa = PBXSourcesBuildPhase;
			buildActionMask = 2147483647;
			files = (
				835923F1235A6F16001506B6 /* NSColor+ext.swift in Sources */,
				8311D9C8235DE6D7006DC138 /* Data+Ext.swift in Sources */,
				836D01E22386BE9F00B85545 /* SCSHTheme.swift in Sources */,
				8359236223559A2B001506B6 /* PreviewViewController.swift in Sources */,
				835923EF235A5EB9001506B6 /* SCSHSettings.swift in Sources */,
				8304B0B2238DBCAB007A455C /* SCSHBaseSettings.swift in Sources */,
				8359239E23570C5B001506B6 /* SCSHError.swift in Sources */,
				839CA3A12460699C0048E249 /* String+GShell.swift in Sources */,
			);
			runOnlyForDeploymentPostprocessing = 0;
		};
		8359237723563BDF001506B6 /* Sources */ = {
			isa = PBXSourcesBuildPhase;
			buildActionMask = 2147483647;
			files = (
				8304B0B1238DBCAB007A455C /* SCSHBaseSettings.swift in Sources */,
				839CA3A22460699C0048E249 /* String+GShell.swift in Sources */,
				8359238223563BDF001506B6 /* main.swift in Sources */,
				8359239D23570C52001506B6 /* SCSHError.swift in Sources */,
				8359238E2356436C001506B6 /* SCSHXPCServiceProtocol.swift in Sources */,
				8359238023563BDF001506B6 /* SCSHXPCServiceDelegate.swift in Sources */,
				835923EE235A5D33001506B6 /* SCSHSettings.swift in Sources */,
				8359238F23564497001506B6 /* SCSHXPCService.swift in Sources */,
				830D15552378419F00D5535C /* NSColor+ext.swift in Sources */,
				8304B0BC238FBCC4007A455C /* SCSHBaseXPCService.swift in Sources */,
				836D01E42386C7CD00B85545 /* File+Ext.swift in Sources */,
				8304B0B7238FA897007A455C /* TaskResult.swift in Sources */,
				835923EC235A3A85001506B6 /* SCSHTheme.swift in Sources */,
				830D154D23780A4200D5535C /* SCSHTheme+Lua.swift in Sources */,
			);
			runOnlyForDeploymentPostprocessing = 0;
		};
		838F4656238D813500268B4A /* Sources */ = {
			isa = PBXSourcesBuildPhase;
			buildActionMask = 2147483647;
			files = (
				8304B0A4238D8794007A455C /* XPCLightRenderServiceProtocol.swift in Sources */,
				838F4661238D813500268B4A /* main.swift in Sources */,
				8304B0A6238D8954007A455C /* File+Ext.swift in Sources */,
				8304B0B9238FA920007A455C /* SCSHError.swift in Sources */,
				8304B0A5238D879A007A455C /* XPCLightRenderService.swift in Sources */,
				8304B0B8238FA897007A455C /* TaskResult.swift in Sources */,
				8304B0B3238DBCBA007A455C /* SCSHBaseSettings.swift in Sources */,
				839CA3A32460699C0048E249 /* String+GShell.swift in Sources */,
				838F465F238D813500268B4A /* XPCLightRenderServiceDelegate.swift in Sources */,
				8304B0BD238FBCC4007A455C /* SCSHBaseXPCService.swift in Sources */,
			);
			runOnlyForDeploymentPostprocessing = 0;
		};
		83FD6ECC246B061600F5BDF3 /* Sources */ = {
			isa = PBXSourcesBuildPhase;
			buildActionMask = 2147483647;
			files = (
				83FD6ED3246B061600F5BDF3 /* main.swift in Sources */,
			);
			runOnlyForDeploymentPostprocessing = 0;
		};
/* End PBXSourcesBuildPhase section */

/* Begin PBXTargetDependency section */
		83203D9024F288D800F8CBC0 /* PBXTargetDependency */ = {
			isa = PBXTargetDependency;
			target = 8359237A23563BDF001506B6 /* Syntax Highlight XPC Service */;
			targetProxy = 83203D8F24F288D800F8CBC0 /* PBXContainerItemProxy */;
		};
		8359236923559A2B001506B6 /* PBXTargetDependency */ = {
			isa = PBXTargetDependency;
			target = 8359235B23559A2B001506B6 /* Syntax Highlight Quicklook Extension */;
			targetProxy = 8359236823559A2B001506B6 /* PBXContainerItemProxy */;
		};
		8359238523563BDF001506B6 /* PBXTargetDependency */ = {
			isa = PBXTargetDependency;
			target = 8359237A23563BDF001506B6 /* Syntax Highlight XPC Service */;
			targetProxy = 8359238423563BDF001506B6 /* PBXContainerItemProxy */;
		};
		838F4664238D813500268B4A /* PBXTargetDependency */ = {
			isa = PBXTargetDependency;
			target = 838F4659238D813500268B4A /* Syntax Highlight XPC Render */;
			targetProxy = 838F4663238D813500268B4A /* PBXContainerItemProxy */;
		};
/* End PBXTargetDependency section */

/* Begin PBXVariantGroup section */
		83203D7F24F2820600F8CBC0 /* Main.storyboard */ = {
			isa = PBXVariantGroup;
			children = (
				83203D8024F2820600F8CBC0 /* Base */,
			);
			name = Main.storyboard;
			sourceTree = "<group>";
		};
		8359234E235599F9001506B6 /* Main.storyboard */ = {
			isa = PBXVariantGroup;
			children = (
				8359234F235599F9001506B6 /* Base */,
			);
			name = Main.storyboard;
			sourceTree = "<group>";
		};
		8359236323559A2B001506B6 /* PreviewViewController.xib */ = {
			isa = PBXVariantGroup;
			children = (
				8359236423559A2B001506B6 /* Base */,
			);
			name = PreviewViewController.xib;
			sourceTree = "<group>";
		};
/* End PBXVariantGroup section */

/* Begin XCBuildConfiguration section */
		83203D8424F2820600F8CBC0 /* Debug */ = {
			isa = XCBuildConfiguration;
			buildSettings = {
				ASSETCATALOG_COMPILER_APPICON_NAME = AppIcon;
				CODE_SIGN_ENTITLEMENTS = QLSourceSyntaxGUITest/QLSourceSyntaxGUITest.entitlements;
				CODE_SIGN_IDENTITY = "-";
				CODE_SIGN_STYLE = Automatic;
				COMBINE_HIDPI_IMAGES = YES;
				DEVELOPMENT_TEAM = D5VMCLD3ZK;
				ENABLE_HARDENED_RUNTIME = YES;
				INFOPLIST_FILE = QLSourceSyntaxGUITest/Info.plist;
				LD_RUNPATH_SEARCH_PATHS = (
					"$(inherited)",
					"@executable_path/../Frameworks",
				);
				PRODUCT_BUNDLE_IDENTIFIER = sbarex.QLSourceSyntaxGUITest;
				PRODUCT_NAME = "$(TARGET_NAME)";
				SWIFT_VERSION = 5.0;
			};
			name = Debug;
		};
		83203D8524F2820600F8CBC0 /* Release */ = {
			isa = XCBuildConfiguration;
			buildSettings = {
				ASSETCATALOG_COMPILER_APPICON_NAME = AppIcon;
				CODE_SIGN_ENTITLEMENTS = QLSourceSyntaxGUITest/QLSourceSyntaxGUITest.entitlements;
				CODE_SIGN_IDENTITY = "-";
				CODE_SIGN_STYLE = Automatic;
				COMBINE_HIDPI_IMAGES = YES;
				DEVELOPMENT_TEAM = D5VMCLD3ZK;
				ENABLE_HARDENED_RUNTIME = YES;
				INFOPLIST_FILE = QLSourceSyntaxGUITest/Info.plist;
				LD_RUNPATH_SEARCH_PATHS = (
					"$(inherited)",
					"@executable_path/../Frameworks",
				);
				PRODUCT_BUNDLE_IDENTIFIER = sbarex.QLSourceSyntaxGUITest;
				PRODUCT_NAME = "$(TARGET_NAME)";
				SWIFT_VERSION = 5.0;
			};
			name = Release;
		};
		83592353235599F9001506B6 /* Debug */ = {
			isa = XCBuildConfiguration;
			buildSettings = {
				ALWAYS_SEARCH_USER_PATHS = NO;
				CLANG_ANALYZER_NONNULL = YES;
				CLANG_ANALYZER_NUMBER_OBJECT_CONVERSION = YES_AGGRESSIVE;
				CLANG_CXX_LANGUAGE_STANDARD = "gnu++14";
				CLANG_CXX_LIBRARY = "libc++";
				CLANG_ENABLE_MODULES = YES;
				CLANG_ENABLE_OBJC_ARC = YES;
				CLANG_ENABLE_OBJC_WEAK = YES;
				CLANG_WARN_BLOCK_CAPTURE_AUTORELEASING = YES;
				CLANG_WARN_BOOL_CONVERSION = YES;
				CLANG_WARN_COMMA = YES;
				CLANG_WARN_CONSTANT_CONVERSION = YES;
				CLANG_WARN_DEPRECATED_OBJC_IMPLEMENTATIONS = YES;
				CLANG_WARN_DIRECT_OBJC_ISA_USAGE = YES_ERROR;
				CLANG_WARN_DOCUMENTATION_COMMENTS = YES;
				CLANG_WARN_EMPTY_BODY = YES;
				CLANG_WARN_ENUM_CONVERSION = YES;
				CLANG_WARN_INFINITE_RECURSION = YES;
				CLANG_WARN_INT_CONVERSION = YES;
				CLANG_WARN_NON_LITERAL_NULL_CONVERSION = YES;
				CLANG_WARN_OBJC_IMPLICIT_RETAIN_SELF = YES;
				CLANG_WARN_OBJC_LITERAL_CONVERSION = YES;
				CLANG_WARN_OBJC_ROOT_CLASS = YES_ERROR;
				CLANG_WARN_RANGE_LOOP_ANALYSIS = YES;
				CLANG_WARN_STRICT_PROTOTYPES = YES;
				CLANG_WARN_SUSPICIOUS_MOVE = YES;
				CLANG_WARN_UNGUARDED_AVAILABILITY = YES_AGGRESSIVE;
				CLANG_WARN_UNREACHABLE_CODE = YES;
				CLANG_WARN__DUPLICATE_METHOD_MATCH = YES;
				COPY_PHASE_STRIP = NO;
				DEBUG_INFORMATION_FORMAT = dwarf;
				ENABLE_STRICT_OBJC_MSGSEND = YES;
				ENABLE_TESTABILITY = YES;
				GCC_C_LANGUAGE_STANDARD = gnu11;
				GCC_DYNAMIC_NO_PIC = NO;
				GCC_NO_COMMON_BLOCKS = YES;
				GCC_OPTIMIZATION_LEVEL = 0;
				GCC_PREPROCESSOR_DEFINITIONS = (
					"DEBUG=1",
					"$(inherited)",
				);
				GCC_WARN_64_TO_32_BIT_CONVERSION = YES;
				GCC_WARN_ABOUT_RETURN_TYPE = YES_ERROR;
				GCC_WARN_UNDECLARED_SELECTOR = YES;
				GCC_WARN_UNINITIALIZED_AUTOS = YES_AGGRESSIVE;
				GCC_WARN_UNUSED_FUNCTION = YES;
				GCC_WARN_UNUSED_VARIABLE = YES;
				MACOSX_DEPLOYMENT_TARGET = 10.15;
				MTL_ENABLE_DEBUG_INFO = INCLUDE_SOURCE;
				MTL_FAST_MATH = YES;
				ONLY_ACTIVE_ARCH = YES;
				OTHER_SWIFT_FLAGS = "";
				SDKROOT = macosx;
				SWIFT_ACTIVE_COMPILATION_CONDITIONS = DEBUG;
				SWIFT_OPTIMIZATION_LEVEL = "-Onone";
				SWIFT_VERSION = 5.0;
				VALID_ARCHS = x86_64;
			};
			name = Debug;
		};
		83592354235599F9001506B6 /* Release */ = {
			isa = XCBuildConfiguration;
			buildSettings = {
				ALWAYS_SEARCH_USER_PATHS = NO;
				CLANG_ANALYZER_NONNULL = YES;
				CLANG_ANALYZER_NUMBER_OBJECT_CONVERSION = YES_AGGRESSIVE;
				CLANG_CXX_LANGUAGE_STANDARD = "gnu++14";
				CLANG_CXX_LIBRARY = "libc++";
				CLANG_ENABLE_MODULES = YES;
				CLANG_ENABLE_OBJC_ARC = YES;
				CLANG_ENABLE_OBJC_WEAK = YES;
				CLANG_WARN_BLOCK_CAPTURE_AUTORELEASING = YES;
				CLANG_WARN_BOOL_CONVERSION = YES;
				CLANG_WARN_COMMA = YES;
				CLANG_WARN_CONSTANT_CONVERSION = YES;
				CLANG_WARN_DEPRECATED_OBJC_IMPLEMENTATIONS = YES;
				CLANG_WARN_DIRECT_OBJC_ISA_USAGE = YES_ERROR;
				CLANG_WARN_DOCUMENTATION_COMMENTS = YES;
				CLANG_WARN_EMPTY_BODY = YES;
				CLANG_WARN_ENUM_CONVERSION = YES;
				CLANG_WARN_INFINITE_RECURSION = YES;
				CLANG_WARN_INT_CONVERSION = YES;
				CLANG_WARN_NON_LITERAL_NULL_CONVERSION = YES;
				CLANG_WARN_OBJC_IMPLICIT_RETAIN_SELF = YES;
				CLANG_WARN_OBJC_LITERAL_CONVERSION = YES;
				CLANG_WARN_OBJC_ROOT_CLASS = YES_ERROR;
				CLANG_WARN_RANGE_LOOP_ANALYSIS = YES;
				CLANG_WARN_STRICT_PROTOTYPES = YES;
				CLANG_WARN_SUSPICIOUS_MOVE = YES;
				CLANG_WARN_UNGUARDED_AVAILABILITY = YES_AGGRESSIVE;
				CLANG_WARN_UNREACHABLE_CODE = YES;
				CLANG_WARN__DUPLICATE_METHOD_MATCH = YES;
				COPY_PHASE_STRIP = NO;
				DEBUG_INFORMATION_FORMAT = "dwarf-with-dsym";
				ENABLE_NS_ASSERTIONS = NO;
				ENABLE_STRICT_OBJC_MSGSEND = YES;
				GCC_C_LANGUAGE_STANDARD = gnu11;
				GCC_NO_COMMON_BLOCKS = YES;
				GCC_WARN_64_TO_32_BIT_CONVERSION = YES;
				GCC_WARN_ABOUT_RETURN_TYPE = YES_ERROR;
				GCC_WARN_UNDECLARED_SELECTOR = YES;
				GCC_WARN_UNINITIALIZED_AUTOS = YES_AGGRESSIVE;
				GCC_WARN_UNUSED_FUNCTION = YES;
				GCC_WARN_UNUSED_VARIABLE = YES;
				MACOSX_DEPLOYMENT_TARGET = 10.15;
				MTL_ENABLE_DEBUG_INFO = NO;
				MTL_FAST_MATH = YES;
				SDKROOT = macosx;
				SWIFT_COMPILATION_MODE = wholemodule;
				SWIFT_OPTIMIZATION_LEVEL = "-O";
				SWIFT_VERSION = 5.0;
				VALID_ARCHS = x86_64;
			};
			name = Release;
		};
		83592356235599F9001506B6 /* Debug */ = {
			isa = XCBuildConfiguration;
			buildSettings = {
				ALWAYS_EMBED_SWIFT_STANDARD_LIBRARIES = NO;
				ASSETCATALOG_COMPILER_APPICON_NAME = AppIcon;
				CODE_SIGN_ENTITLEMENTS = Application/SCSHApp.entitlements;
				CODE_SIGN_IDENTITY = "-";
				CODE_SIGN_STYLE = Manual;
				COMBINE_HIDPI_IMAGES = YES;
				CURRENT_PROJECT_VERSION = 27;
				DEVELOPMENT_TEAM = "";
				ENABLE_HARDENED_RUNTIME = YES;
				INFOPLIST_FILE = Application/Info.plist;
				LD_RUNPATH_SEARCH_PATHS = (
					"$(inherited)",
					"@executable_path/../Frameworks",
				);
				PRODUCT_BUNDLE_IDENTIFIER = org.sbarex.SourceCodeSyntaxHighlight;
				PRODUCT_NAME = "$(TARGET_NAME)";
				PROVISIONING_PROFILE_SPECIFIER = "";
				SWIFT_VERSION = 5.0;
			};
			name = Debug;
		};
		83592357235599F9001506B6 /* Release */ = {
			isa = XCBuildConfiguration;
			buildSettings = {
				ALWAYS_EMBED_SWIFT_STANDARD_LIBRARIES = NO;
				ASSETCATALOG_COMPILER_APPICON_NAME = AppIcon;
				CODE_SIGN_ENTITLEMENTS = Application/SCSHApp.entitlements;
				CODE_SIGN_IDENTITY = "-";
				CODE_SIGN_STYLE = Manual;
				COMBINE_HIDPI_IMAGES = YES;
				CURRENT_PROJECT_VERSION = 27;
				DEVELOPMENT_TEAM = "";
				ENABLE_HARDENED_RUNTIME = YES;
				INFOPLIST_FILE = Application/Info.plist;
				LD_RUNPATH_SEARCH_PATHS = (
					"$(inherited)",
					"@executable_path/../Frameworks",
				);
				PRODUCT_BUNDLE_IDENTIFIER = org.sbarex.SourceCodeSyntaxHighlight;
				PRODUCT_NAME = "$(TARGET_NAME)";
				PROVISIONING_PROFILE_SPECIFIER = "";
				SWIFT_VERSION = 5.0;
			};
			name = Release;
		};
		8359236C23559A2B001506B6 /* Debug */ = {
			isa = XCBuildConfiguration;
			buildSettings = {
				CODE_SIGN_ENTITLEMENTS = QLExtension/QLExtension.entitlements;
				CODE_SIGN_IDENTITY = "-";
				CODE_SIGN_STYLE = Manual;
				CURRENT_PROJECT_VERSION = 1;
				DEVELOPMENT_TEAM = "";
				ENABLE_HARDENED_RUNTIME = YES;
				INFOPLIST_FILE = QLExtension/Info.plist;
				LD_RUNPATH_SEARCH_PATHS = (
					"$(inherited)",
					"@executable_path/../Frameworks",
					"@executable_path/../../../../Frameworks",
				);
				PRODUCT_BUNDLE_IDENTIFIER = org.sbarex.SourceCodeSyntaxHighlight.QuicklookExtension;
				PRODUCT_NAME = "$(TARGET_NAME)";
				PROVISIONING_PROFILE_SPECIFIER = "";
				SKIP_INSTALL = YES;
				SWIFT_VERSION = 5.0;
			};
			name = Debug;
		};
		8359236D23559A2B001506B6 /* Release */ = {
			isa = XCBuildConfiguration;
			buildSettings = {
				CODE_SIGN_ENTITLEMENTS = QLExtension/QLExtension.entitlements;
				CODE_SIGN_IDENTITY = "-";
				CODE_SIGN_STYLE = Manual;
				CURRENT_PROJECT_VERSION = 1;
				DEVELOPMENT_TEAM = "";
				ENABLE_HARDENED_RUNTIME = YES;
				INFOPLIST_FILE = QLExtension/Info.plist;
				LD_RUNPATH_SEARCH_PATHS = (
					"$(inherited)",
					"@executable_path/../Frameworks",
					"@executable_path/../../../../Frameworks",
				);
				PRODUCT_BUNDLE_IDENTIFIER = org.sbarex.SourceCodeSyntaxHighlight.QuicklookExtension;
				PRODUCT_NAME = "$(TARGET_NAME)";
				PROVISIONING_PROFILE_SPECIFIER = "";
				SKIP_INSTALL = YES;
				SWIFT_VERSION = 5.0;
			};
			name = Release;
		};
		8359238823563BDF001506B6 /* Debug */ = {
			isa = XCBuildConfiguration;
			buildSettings = {
				CODE_SIGN_IDENTITY = "-";
				CODE_SIGN_STYLE = Manual;
				COMBINE_HIDPI_IMAGES = YES;
				DEVELOPMENT_TEAM = "";
				ENABLE_HARDENED_RUNTIME = YES;
				INFOPLIST_FILE = XPCService/Info.plist;
				LD_RUNPATH_SEARCH_PATHS = "@loader_path/../../../../Frameworks";
				PRODUCT_BUNDLE_IDENTIFIER = org.sbarex.SourceCodeSyntaxHighlight.XPCService;
				PRODUCT_NAME = "$(TARGET_NAME)";
				PROVISIONING_PROFILE_SPECIFIER = "";
				SKIP_INSTALL = YES;
				SWIFT_INSTALL_OBJC_HEADER = NO;
				SWIFT_OBJC_INTERFACE_HEADER_NAME = "";
				SWIFT_VERSION = 5.0;
			};
			name = Debug;
		};
		8359238923563BDF001506B6 /* Release */ = {
			isa = XCBuildConfiguration;
			buildSettings = {
				CODE_SIGN_ENTITLEMENTS = XPCService/XPCServiceRelease.entitlements;
				CODE_SIGN_IDENTITY = "-";
				CODE_SIGN_STYLE = Manual;
				COMBINE_HIDPI_IMAGES = YES;
				DEVELOPMENT_TEAM = "";
				ENABLE_HARDENED_RUNTIME = YES;
				INFOPLIST_FILE = XPCService/Info.plist;
				LD_RUNPATH_SEARCH_PATHS = "@loader_path/../../../../Frameworks";
				PRODUCT_BUNDLE_IDENTIFIER = org.sbarex.SourceCodeSyntaxHighlight.XPCService;
				PRODUCT_NAME = "$(TARGET_NAME)";
				PROVISIONING_PROFILE_SPECIFIER = "";
				SKIP_INSTALL = YES;
				SWIFT_INSTALL_OBJC_HEADER = NO;
				SWIFT_OBJC_INTERFACE_HEADER_NAME = "";
				SWIFT_VERSION = 5.0;
			};
			name = Release;
		};
		838F4667238D813500268B4A /* Debug */ = {
			isa = XCBuildConfiguration;
			buildSettings = {
				CODE_SIGN_ENTITLEMENTS = "Syntax Highlight XPC Render.entitlements";
				CODE_SIGN_IDENTITY = "-";
				CODE_SIGN_STYLE = Manual;
				COMBINE_HIDPI_IMAGES = YES;
				DEVELOPMENT_TEAM = "";
				ENABLE_HARDENED_RUNTIME = YES;
				INFOPLIST_FILE = SyntaxHighlightRenderXPC/Info.plist;
				LD_RUNPATH_SEARCH_PATHS = (
					"@loader_path/../../../../Frameworks",
					"$(LD_RUNPATH_SEARCH_PATHS_$(IS_MACCATALYST)_$(_BOOL_$(SKIP_INSTALL)))",
				);
				PRODUCT_BUNDLE_IDENTIFIER = org.sbarex.SourceCodeSyntaxHighlight.XPCRender;
				PRODUCT_NAME = "$(TARGET_NAME)";
				PROVISIONING_PROFILE_SPECIFIER = "";
				SKIP_INSTALL = YES;
			};
			name = Debug;
		};
		838F4668238D813500268B4A /* Release */ = {
			isa = XCBuildConfiguration;
			buildSettings = {
				CODE_SIGN_ENTITLEMENTS = "Syntax Highlight XPC Render.entitlements";
				CODE_SIGN_IDENTITY = "-";
				CODE_SIGN_STYLE = Manual;
				COMBINE_HIDPI_IMAGES = YES;
				DEVELOPMENT_TEAM = "";
				ENABLE_HARDENED_RUNTIME = YES;
				INFOPLIST_FILE = SyntaxHighlightRenderXPC/Info.plist;
				LD_RUNPATH_SEARCH_PATHS = (
					"@loader_path/../../../../Frameworks",
					"$(LD_RUNPATH_SEARCH_PATHS_$(IS_MACCATALYST)_$(_BOOL_$(SKIP_INSTALL)))",
				);
				PRODUCT_BUNDLE_IDENTIFIER = org.sbarex.SourceCodeSyntaxHighlight.XPCRender;
				PRODUCT_NAME = "$(TARGET_NAME)";
				PROVISIONING_PROFILE_SPECIFIER = "";
				SKIP_INSTALL = YES;
			};
			name = Release;
		};
		83FD6ED4246B061600F5BDF3 /* Debug */ = {
			isa = XCBuildConfiguration;
			buildSettings = {
				CODE_SIGN_IDENTITY = "-";
				CODE_SIGN_STYLE = Manual;
				DEVELOPMENT_TEAM = "";
				PRODUCT_BUNDLE_IDENTIFIER = org.sbarex.SourceCodeSyntaxHighlight.relaunch;
				PRODUCT_NAME = "$(TARGET_NAME)";
				PROVISIONING_PROFILE_SPECIFIER = "";
				SWIFT_VERSION = 5.0;
			};
			name = Debug;
		};
		83FD6ED5246B061600F5BDF3 /* Release */ = {
			isa = XCBuildConfiguration;
			buildSettings = {
				CODE_SIGN_IDENTITY = "-";
				CODE_SIGN_STYLE = Manual;
				DEVELOPMENT_TEAM = "";
				PRODUCT_BUNDLE_IDENTIFIER = org.sbarex.SourceCodeSyntaxHighlight.relaunch;
				PRODUCT_NAME = "$(TARGET_NAME)";
				PROVISIONING_PROFILE_SPECIFIER = "";
				SWIFT_VERSION = 5.0;
			};
			name = Release;
		};
/* End XCBuildConfiguration section */

/* Begin XCConfigurationList section */
		83203D8A24F2820600F8CBC0 /* Build configuration list for PBXNativeTarget "QLSourceSyntaxGUITest" */ = {
			isa = XCConfigurationList;
			buildConfigurations = (
				83203D8424F2820600F8CBC0 /* Debug */,
				83203D8524F2820600F8CBC0 /* Release */,
			);
			defaultConfigurationIsVisible = 0;
			defaultConfigurationName = Release;
		};
		83592340235599F6001506B6 /* Build configuration list for PBXProject "SourceCodeSyntaxHighlight" */ = {
			isa = XCConfigurationList;
			buildConfigurations = (
				83592353235599F9001506B6 /* Debug */,
				83592354235599F9001506B6 /* Release */,
			);
			defaultConfigurationIsVisible = 0;
			defaultConfigurationName = Release;
		};
		83592355235599F9001506B6 /* Build configuration list for PBXNativeTarget "Syntax Highlight" */ = {
			isa = XCConfigurationList;
			buildConfigurations = (
				83592356235599F9001506B6 /* Debug */,
				83592357235599F9001506B6 /* Release */,
			);
			defaultConfigurationIsVisible = 0;
			defaultConfigurationName = Release;
		};
		8359236B23559A2B001506B6 /* Build configuration list for PBXNativeTarget "Syntax Highlight Quicklook Extension" */ = {
			isa = XCConfigurationList;
			buildConfigurations = (
				8359236C23559A2B001506B6 /* Debug */,
				8359236D23559A2B001506B6 /* Release */,
			);
			defaultConfigurationIsVisible = 0;
			defaultConfigurationName = Release;
		};
		8359238723563BDF001506B6 /* Build configuration list for PBXNativeTarget "Syntax Highlight XPC Service" */ = {
			isa = XCConfigurationList;
			buildConfigurations = (
				8359238823563BDF001506B6 /* Debug */,
				8359238923563BDF001506B6 /* Release */,
			);
			defaultConfigurationIsVisible = 0;
			defaultConfigurationName = Release;
		};
		838F4666238D813500268B4A /* Build configuration list for PBXNativeTarget "Syntax Highlight XPC Render" */ = {
			isa = XCConfigurationList;
			buildConfigurations = (
				838F4667238D813500268B4A /* Debug */,
				838F4668238D813500268B4A /* Release */,
			);
			defaultConfigurationIsVisible = 0;
			defaultConfigurationName = Release;
		};
		83FD6EDA246B061600F5BDF3 /* Build configuration list for PBXNativeTarget "relaunch" */ = {
			isa = XCConfigurationList;
			buildConfigurations = (
				83FD6ED4246B061600F5BDF3 /* Debug */,
				83FD6ED5246B061600F5BDF3 /* Release */,
			);
			defaultConfigurationIsVisible = 0;
			defaultConfigurationName = Release;
		};
/* End XCConfigurationList section */
	};
	rootObject = 8359233D235599F6001506B6 /* Project object */;
}
